{
  "version": 4,
  "terraform_version": "1.1.8",
  "serial": 10,
  "lineage": "68747c80-9760-1b41-7d1f-aed24ae1f2e7",
  "outputs": {},
  "resources": [
    {
      "mode": "data",
      "type": "google_service_account_access_token",
      "name": "default",
      "provider": "provider[\"registry.terraform.io/hashicorp/google\"].impersonation",
      "instances": [
        {
          "schema_version": 0,
          "attributes": {
            "access_token": "ya29.c.b0AUFJQsFK9yDNLPpz1vzwajphrJnBWzOsUSDDg-75kBzdCmxMo3npp_C2S0qC_73N3IhzXFl_tQO614NmFrMV12HmDNCDf5CRL1lGU-gnMQge3yyt8h00Y0UQuGBy0Evrb2s4xusZCCoYt15OxOv_w45vMd3CBe-b9NeEu3BnDUyrOkFrKjb-uRtezi0fgDeEouYo4b_9RUZS_uUDgi9hZkrxIflx_qV8P2qyFpoUA6BU7KeJwLCxq-wDGKXSudTvhowlBkzfAZblj5QhMjnEHpPQlIOJp1mphkOhc19paPfhnd477BuTJOaAgPsMavRvAFi20ueYsx6_xS5fJcd-eP-URZcCn0v0GfBWMCuol46zZAzCndX3WdrRXM6lPWLiGYLDzqYGBCy1ODYcRoUeuF6B_PyjX0OsTU_zrxjEsDPy8pB227vxUHBTh9oXyvtIKStOYzvJzzXm-740ytLma9IlJTYUD8RrozYAnPAqCY02sB0R.......................................................................................................................................................................................................................................................................................................................................................................................................................................................................................................................................",
            "delegates": null,
            "id": "projects/-/serviceAccounts/bq-snapshot-mgr-terraform@bqsm-host.iam.gserviceaccount.com",
            "lifetime": "1200s",
            "scopes": [
              "cloud-platform",
              "userinfo-email"
            ],
            "target_service_account": "bq-snapshot-mgr-terraform@bqsm-host.iam.gserviceaccount.com"
          },
          "sensitive_attributes": []
        }
      ]
    },
    {
      "module": "module.bigquery",
      "mode": "managed",
      "type": "google_bigquery_dataset",
      "name": "results_dataset",
      "provider": "provider[\"registry.terraform.io/hashicorp/google\"]",
      "instances": [
        {
          "schema_version": 0,
          "attributes": {
            "access": [
              {
                "dataset": [],
                "domain": "",
                "group_by_email": "",
                "role": "OWNER",
                "special_group": "",
                "user_by_email": "bq-snapshot-mgr-terraform@bqsm-host.iam.gserviceaccount.com",
                "view": []
              },
              {
                "dataset": [],
                "domain": "",
                "group_by_email": "",
                "role": "OWNER",
                "special_group": "projectOwners",
                "user_by_email": "",
                "view": []
              },
              {
                "dataset": [],
                "domain": "",
                "group_by_email": "",
                "role": "READER",
                "special_group": "projectReaders",
                "user_by_email": "",
                "view": []
              },
              {
                "dataset": [],
                "domain": "",
                "group_by_email": "",
                "role": "WRITER",
                "special_group": "",
                "user_by_email": "p752982373840-744208@gcp-sa-logging.iam.gserviceaccount.com",
                "view": []
              },
              {
                "dataset": [],
                "domain": "",
                "group_by_email": "",
                "role": "WRITER",
                "special_group": "projectWriters",
                "user_by_email": "",
                "view": []
              }
            ],
            "creation_time": 1666082020685,
            "dataset_id": "bq_snapshot_manager",
            "default_encryption_configuration": [],
            "default_partition_expiration_ms": 0,
            "default_table_expiration_ms": 0,
            "delete_contents_on_destroy": false,
            "description": "To store DLP results from BQ Security Classifier app",
            "etag": "Z5QD2mU6WOO0lmrvptEUDw==",
            "friendly_name": "",
            "id": "projects/bqsm-host/datasets/bq_snapshot_manager",
            "labels": {},
            "last_modified_time": 1666082030128,
            "location": "EU",
            "project": "bqsm-host",
            "self_link": "https://bigquery.googleapis.com/bigquery/v2/projects/bqsm-host/datasets/bq_snapshot_manager",
            "timeouts": null
          },
          "sensitive_attributes": [],
          "private": "eyJlMmJmYjczMC1lY2FhLTExZTYtOGY4OC0zNDM2M2JjN2M0YzAiOnsiY3JlYXRlIjoxMjAwMDAwMDAwMDAwLCJkZWxldGUiOjEyMDAwMDAwMDAwMDAsInVwZGF0ZSI6MTIwMDAwMDAwMDAwMH19",
          "dependencies": [
            "data.google_service_account_access_token.default"
          ]
        }
      ]
    },
    {
      "module": "module.bigquery",
      "mode": "managed",
      "type": "google_bigquery_dataset_iam_member",
      "name": "logging_sink_access",
      "provider": "provider[\"registry.terraform.io/hashicorp/google\"]",
      "instances": [
        {
          "schema_version": 0,
          "attributes": {
            "condition": [],
            "dataset_id": "bq_snapshot_manager",
            "etag": "",
            "id": "projects/bqsm-host/datasets/bq_snapshot_manager/roles/bigquery.dataEditor/serviceAccount:p752982373840-744208@gcp-sa-logging.iam.gserviceaccount.com",
            "member": "serviceAccount:p752982373840-744208@gcp-sa-logging.iam.gserviceaccount.com",
            "project": "bqsm-host",
            "role": "roles/bigquery.dataEditor"
          },
          "sensitive_attributes": [],
          "private": "bnVsbA==",
          "dependencies": [
            "data.google_service_account_access_token.default",
            "module.bigquery.google_bigquery_dataset.results_dataset",
            "module.cloud_logging.google_logging_project_sink.bigquery-logging-sink"
          ]
        }
      ]
    },
    {
      "module": "module.bigquery",
      "mode": "managed",
      "type": "google_bigquery_table",
      "name": "logging_table",
      "provider": "provider[\"registry.terraform.io/hashicorp/google\"]",
      "instances": [
        {
          "schema_version": 0,
          "attributes": {
            "clustering": null,
            "creation_time": 1666082021934,
            "dataset_id": "bq_snapshot_manager",
            "deletion_protection": true,
            "description": "",
            "encryption_configuration": [],
            "etag": "uAchhuyyut6WDf3enrrMqw==",
            "expiration_time": 0,
            "external_data_configuration": [],
            "friendly_name": "",
            "id": "projects/bqsm-host/datasets/bq_snapshot_manager/tables/run_googleapis_com_stdout",
            "labels": {},
            "last_modified_time": 1666093282696,
            "location": "EU",
            "materialized_view": [],
            "num_bytes": 338755,
            "num_long_term_bytes": 0,
            "num_rows": 301,
            "project": "bqsm-host",
            "range_partitioning": [],
            "schema": "[{\"mode\":\"NULLABLE\",\"name\":\"logName\",\"type\":\"STRING\"},{\"fields\":[{\"mode\":\"NULLABLE\",\"name\":\"type\",\"type\":\"STRING\"},{\"fields\":[{\"mode\":\"NULLABLE\",\"name\":\"revision_name\",\"type\":\"STRING\"},{\"mode\":\"NULLABLE\",\"name\":\"project_id\",\"type\":\"STRING\"},{\"mode\":\"NULLABLE\",\"name\":\"location\",\"type\":\"STRING\"},{\"mode\":\"NULLABLE\",\"name\":\"configuration_name\",\"type\":\"STRING\"},{\"mode\":\"NULLABLE\",\"name\":\"service_name\",\"type\":\"STRING\"}],\"mode\":\"NULLABLE\",\"name\":\"labels\",\"type\":\"RECORD\"}],\"mode\":\"NULLABLE\",\"name\":\"resource\",\"type\":\"RECORD\"},{\"mode\":\"NULLABLE\",\"name\":\"textPayload\",\"type\":\"STRING\"},{\"fields\":[{\"mode\":\"NULLABLE\",\"name\":\"function_lifecycle_event\",\"type\":\"STRING\"},{\"mode\":\"NULLABLE\",\"name\":\"global_run_id\",\"type\":\"STRING\"},{\"mode\":\"NULLABLE\",\"name\":\"global_msg\",\"type\":\"STRING\"},{\"mode\":\"NULLABLE\",\"name\":\"global_app_log\",\"type\":\"STRING\"},{\"mode\":\"NULLABLE\",\"name\":\"global_logger_name\",\"type\":\"STRING\"},{\"mode\":\"NULLABLE\",\"name\":\"global_tracker\",\"type\":\"STRING\"},{\"mode\":\"NULLABLE\",\"name\":\"function_lifecycle_functionnumber\",\"type\":\"FLOAT\"},{\"mode\":\"NULLABLE\",\"name\":\"global_app\",\"type\":\"STRING\"},{\"mode\":\"NULLABLE\",\"name\":\"message\",\"type\":\"STRING\"},{\"mode\":\"NULLABLE\",\"name\":\"dispatched_tracking_id\",\"type\":\"STRING\"},{\"mode\":\"NULLABLE\",\"name\":\"dispatched_tablespec\",\"type\":\"STRING\"},{\"mode\":\"NULLABLE\",\"name\":\"dispatched_tablespec_project\",\"type\":\"STRING\"},{\"mode\":\"NULLABLE\",\"name\":\"dispatched_tablespec_dataset\",\"type\":\"STRING\"},{\"mode\":\"NULLABLE\",\"name\":\"dispatched_tablespec_table\",\"type\":\"STRING\"},{\"mode\":\"NULLABLE\",\"name\":\"failed_dispatcher_entity_id\",\"type\":\"STRING\"},{\"mode\":\"NULLABLE\",\"name\":\"failed_dispatcher_ex_name\",\"type\":\"STRING\"},{\"mode\":\"NULLABLE\",\"name\":\"failed_dispatcher_ex_msg\",\"type\":\"STRING\"},{\"mode\":\"NULLABLE\",\"name\":\"non_retryable_ex_tracking_id\",\"type\":\"STRING\"},{\"mode\":\"NULLABLE\",\"name\":\"non_retryable_ex_name\",\"type\":\"STRING\"},{\"mode\":\"NULLABLE\",\"name\":\"non_retryable_ex_msg\",\"type\":\"STRING\"},{\"mode\":\"NULLABLE\",\"name\":\"retryable_ex_tracking_id\",\"type\":\"STRING\"},{\"mode\":\"NULLABLE\",\"name\":\"retryable_ex_name\",\"type\":\"STRING\"},{\"mode\":\"NULLABLE\",\"name\":\"retryable_ex_msg\",\"type\":\"STRING\"},{\"mode\":\"NULLABLE\",\"name\":\"retryable_ex_reason\",\"type\":\"STRING\"}],\"mode\":\"NULLABLE\",\"name\":\"jsonPayload\",\"type\":\"RECORD\"},{\"mode\":\"NULLABLE\",\"name\":\"timestamp\",\"type\":\"TIMESTAMP\"},{\"mode\":\"NULLABLE\",\"name\":\"receiveTimestamp\",\"type\":\"TIMESTAMP\"},{\"mode\":\"NULLABLE\",\"name\":\"severity\",\"type\":\"STRING\"},{\"mode\":\"NULLABLE\",\"name\":\"insertId\",\"type\":\"STRING\"},{\"fields\":[{\"mode\":\"NULLABLE\",\"name\":\"requestMethod\",\"type\":\"STRING\"},{\"mode\":\"NULLABLE\",\"name\":\"requestUrl\",\"type\":\"STRING\"},{\"mode\":\"NULLABLE\",\"name\":\"requestSize\",\"type\":\"INTEGER\"},{\"mode\":\"NULLABLE\",\"name\":\"status\",\"type\":\"INTEGER\"},{\"mode\":\"NULLABLE\",\"name\":\"responseSize\",\"type\":\"INTEGER\"},{\"mode\":\"NULLABLE\",\"name\":\"userAgent\",\"type\":\"STRING\"},{\"mode\":\"NULLABLE\",\"name\":\"remoteIp\",\"type\":\"STRING\"},{\"mode\":\"NULLABLE\",\"name\":\"serverIp\",\"type\":\"STRING\"},{\"mode\":\"NULLABLE\",\"name\":\"referer\",\"type\":\"STRING\"},{\"mode\":\"NULLABLE\",\"name\":\"cacheLookup\",\"type\":\"BOOLEAN\"},{\"mode\":\"NULLABLE\",\"name\":\"cacheHit\",\"type\":\"BOOLEAN\"},{\"mode\":\"NULLABLE\",\"name\":\"cacheValidatedWithOriginServer\",\"type\":\"BOOLEAN\"},{\"mode\":\"NULLABLE\",\"name\":\"cacheFillBytes\",\"type\":\"INTEGER\"},{\"mode\":\"NULLABLE\",\"name\":\"protocol\",\"type\":\"STRING\"}],\"mode\":\"NULLABLE\",\"name\":\"httpRequest\",\"type\":\"RECORD\"},{\"fields\":[{\"mode\":\"NULLABLE\",\"name\":\"instanceid\",\"type\":\"STRING\"}],\"mode\":\"NULLABLE\",\"name\":\"labels\",\"type\":\"RECORD\"},{\"fields\":[{\"mode\":\"NULLABLE\",\"name\":\"id\",\"type\":\"STRING\"},{\"mode\":\"NULLABLE\",\"name\":\"producer\",\"type\":\"STRING\"},{\"mode\":\"NULLABLE\",\"name\":\"first\",\"type\":\"BOOLEAN\"},{\"mode\":\"NULLABLE\",\"name\":\"last\",\"type\":\"BOOLEAN\"}],\"mode\":\"NULLABLE\",\"name\":\"operation\",\"type\":\"RECORD\"},{\"mode\":\"NULLABLE\",\"name\":\"trace\",\"type\":\"STRING\"},{\"mode\":\"NULLABLE\",\"name\":\"spanId\",\"type\":\"STRING\"},{\"mode\":\"NULLABLE\",\"name\":\"traceSampled\",\"type\":\"BOOLEAN\"},{\"fields\":[{\"mode\":\"NULLABLE\",\"name\":\"file\",\"type\":\"STRING\"},{\"mode\":\"NULLABLE\",\"name\":\"line\",\"type\":\"INTEGER\"},{\"mode\":\"NULLABLE\",\"name\":\"function\",\"type\":\"STRING\"}],\"mode\":\"NULLABLE\",\"name\":\"sourceLocation\",\"type\":\"RECORD\"}]",
            "self_link": "https://bigquery.googleapis.com/bigquery/v2/projects/bqsm-host/datasets/bq_snapshot_manager/tables/run_googleapis_com_stdout",
            "table_id": "run_googleapis_com_stdout",
            "time_partitioning": [
              {
                "expiration_ms": 0,
                "field": "",
                "require_partition_filter": false,
                "type": "DAY"
              }
            ],
            "type": "TABLE",
            "view": []
          },
          "sensitive_attributes": [],
          "private": "bnVsbA==",
          "dependencies": [
            "data.google_service_account_access_token.default",
            "module.bigquery.google_bigquery_dataset.results_dataset"
          ]
        }
      ]
    },
    {
      "module": "module.bigquery",
      "mode": "managed",
      "type": "google_bigquery_table",
      "name": "logging_view_broken_steps",
      "provider": "provider[\"registry.terraform.io/hashicorp/google\"]",
      "instances": [
        {
          "schema_version": 0,
          "attributes": {
            "clustering": null,
            "creation_time": 1666082029574,
            "dataset_id": "bq_snapshot_manager",
            "deletion_protection": false,
            "description": "",
            "encryption_configuration": [],
            "etag": "aJEQfT8KfF/cqgE5guBFDA==",
            "expiration_time": 0,
            "external_data_configuration": [],
            "friendly_name": "",
            "id": "projects/bqsm-host/datasets/bq_snapshot_manager/tables/v_broken_steps",
            "labels": {},
            "last_modified_time": 1666082030090,
            "location": "EU",
            "materialized_view": [],
            "num_bytes": 0,
            "num_long_term_bytes": 0,
            "num_rows": 0,
            "project": "bqsm-host",
            "range_partitioning": [],
            "schema": "[{\"mode\":\"NULLABLE\",\"name\":\"run_id\",\"type\":\"STRING\"},{\"mode\":\"NULLABLE\",\"name\":\"dispatched_tracking_id\",\"type\":\"STRING\"},{\"mode\":\"NULLABLE\",\"name\":\"tagger_starts\",\"type\":\"INTEGER\"},{\"mode\":\"NULLABLE\",\"name\":\"tagger_ends\",\"type\":\"INTEGER\"},{\"mode\":\"NULLABLE\",\"name\":\"msg\",\"type\":\"STRING\"}]",
            "self_link": "https://bigquery.googleapis.com/bigquery/v2/projects/bqsm-host/datasets/bq_snapshot_manager/tables/v_broken_steps",
            "table_id": "v_broken_steps",
            "time_partitioning": [],
            "type": "VIEW",
            "view": [
              {
                "query": "WITH dispacthed_requests AS\n(\nSELECT DISTINCT\njsonPayload.global_run_id AS run_id,\njsonPayload.dispatched_tracking_id AS dispatched_tracking_id\nFROM\n`bqsm-host.bq_snapshot_manager.run_googleapis_com_stdout`\nWHERE\njsonPayload.global_app_log = 'DISPATCHED_REQUESTS_LOG'\n\n-- -- Unit testing\n-- -- r1 tagger starts and doesn't finish successfully for t3\n-- SELECT 'r1' AS run_id, 'r1_t1_tagged' AS dispatched_tracking_id UNION ALL\n-- SELECT 'r1' AS run_id, 'r1_t2_tagged' AS dispatched_tracking_id UNION ALL\n-- SELECT 'r1' AS run_id, 'r1_t3_nottagged' AS dispatched_tracking_id UNION ALL\n-- -- r2 tagger doesn't start for t2\n-- SELECT 'r2' AS run_id, 'r2_t1_tagged' AS dispatched_tracking_id UNION ALL\n-- SELECT 'r2' AS run_id, 'r2_t2_tagged' AS dispatched_tracking_id\n)\n\n\n\n, tagger_calls AS\n(\nSELECT\nrun_id,\ntracker,\ninspector_starts,\ninspector_ends,\ntagger_starts,\ntagger_ends,\nFROM\n`bqsm-host.bq_snapshot_manager.v_service_calls`\n\n-- -- Unit tests\n-- -- r1 tagger starts and doesn't finish successfully for t3\n-- SELECT 'r1' AS run_id, 'r1_t1_tagged' AS tracker, 1 AS tagger_starts, 1 tagger_ends   UNION ALL\n-- SELECT 'r1' AS run_id, 'r1_t2_tagged' AS tracker, 1 AS tagger_starts, 1 tagger_ends  UNION ALL\n-- SELECT 'r1' AS run_id, 'r1_t3_nottagged' AS tracker, 1 AS tagger_starts, 0 tagger_ends  UNION ALL\n-- -- r2 tagger doesn't start for t2\n-- SELECT 'r2' AS run_id, 'r2_t1_tagged' AS tracker, 1 AS tagger_starts, 1 tagger_ends\n)\n\n-- select the dispatched trackers that has no corresponding tagger call finish marker\nSELECT\nd.run_id,\nd.dispatched_tracking_id,\nt.tagger_starts,\nt.tagger_ends,\n'Tagger did not run or complete successfully.' AS msg\nFROM\ndispacthed_requests d\nLEFT JOIN tagger_calls t ON d.dispatched_tracking_id = t.tracker\nWHERE t.tracker IS NULL OR t.tagger_ends = 0\n\nUNION ALL\n\n-- select the projects, datasets or tables that failed at the dispatcher step\nSELECT DISTINCT\njsonPayload.global_run_id AS run_id,\njsonPayload.failed_dispatcher_entity_id AS entity_id,\nnull AS tagger_starts,\nnull AS tagger_ends,\njsonPayload.global_msg AS msg\nFROM\n`bqsm-host.bq_snapshot_manager.run_googleapis_com_stdout`\nWHERE\njsonPayload.global_app_log = 'FAILED_DISPATCHED_REQUESTS_LOG'\n\n",
                "use_legacy_sql": false
              }
            ]
          },
          "sensitive_attributes": [],
          "private": "bnVsbA==",
          "dependencies": [
            "data.google_service_account_access_token.default",
            "module.bigquery.google_bigquery_dataset.results_dataset",
            "module.bigquery.google_bigquery_table.logging_table",
            "module.bigquery.google_bigquery_table.logging_view_steps",
            "module.bigquery.google_bigquery_table.view_service_calls"
          ]
        }
      ]
    },
    {
      "module": "module.bigquery",
      "mode": "managed",
      "type": "google_bigquery_table",
      "name": "logging_view_steps",
      "provider": "provider[\"registry.terraform.io/hashicorp/google\"]",
      "instances": [
        {
          "schema_version": 0,
          "attributes": {
            "clustering": null,
            "creation_time": 1666082027291,
            "dataset_id": "bq_snapshot_manager",
            "deletion_protection": false,
            "description": "",
            "encryption_configuration": [],
            "etag": "IvFR7CkZ+fGN+UAGLZmNnw==",
            "expiration_time": 0,
            "external_data_configuration": [],
            "friendly_name": "",
            "id": "projects/bqsm-host/datasets/bq_snapshot_manager/tables/v_steps",
            "labels": {},
            "last_modified_time": 1666082027668,
            "location": "EU",
            "materialized_view": [],
            "num_bytes": 0,
            "num_long_term_bytes": 0,
            "num_rows": 0,
            "project": "bqsm-host",
            "range_partitioning": [],
            "schema": "[{\"mode\":\"NULLABLE\",\"name\":\"start_time\",\"type\":\"TIMESTAMP\"},{\"mode\":\"NULLABLE\",\"name\":\"run_id\",\"type\":\"STRING\"},{\"mode\":\"NULLABLE\",\"name\":\"tracker\",\"type\":\"STRING\"},{\"mode\":\"NULLABLE\",\"name\":\"function_name\",\"type\":\"STRING\"},{\"mode\":\"NULLABLE\",\"name\":\"function_number\",\"type\":\"FLOAT\"},{\"mode\":\"NULLABLE\",\"name\":\"step\",\"type\":\"STRING\"}]",
            "self_link": "https://bigquery.googleapis.com/bigquery/v2/projects/bqsm-host/datasets/bq_snapshot_manager/tables/v_steps",
            "table_id": "v_steps",
            "time_partitioning": [],
            "type": "VIEW",
            "view": [
              {
                "query": "SELECT\nTIMESTAMP_MILLIS(CAST(SUBSTR(jsonPayload.global_run_id, 0, 13) AS INT64)) AS start_time,\njsonPayload.global_run_id AS run_id,\njsonPayload.global_tracker AS tracker,\njsonPayload.global_logger_name AS function_name,\njsonPayload.function_lifecycle_functionnumber AS function_number,\njsonPayload.function_lifecycle_event AS step\nFROM `bqsm-host.bq_snapshot_manager.run_googleapis_com_stdout`\nWHERE jsonPayload.global_app_log = 'TRACKER_LOG'\n\n",
                "use_legacy_sql": false
              }
            ]
          },
          "sensitive_attributes": [],
          "private": "bnVsbA==",
          "dependencies": [
            "data.google_service_account_access_token.default",
            "module.bigquery.google_bigquery_dataset.results_dataset",
            "module.bigquery.google_bigquery_table.logging_table"
          ]
        }
      ]
    },
    {
      "module": "module.bigquery",
      "mode": "managed",
      "type": "google_bigquery_table",
      "name": "view_errors_non_retryable",
      "provider": "provider[\"registry.terraform.io/hashicorp/google\"]",
      "instances": [
        {
          "schema_version": 0,
          "attributes": {
            "clustering": null,
            "creation_time": 1666082027053,
            "dataset_id": "bq_snapshot_manager",
            "deletion_protection": false,
            "description": "",
            "encryption_configuration": [],
            "etag": "QpQUvEZeG81S2dXrwkJUJQ==",
            "expiration_time": 0,
            "external_data_configuration": [],
            "friendly_name": "",
            "id": "projects/bqsm-host/datasets/bq_snapshot_manager/tables/v_errors_non_retryable",
            "labels": {},
            "last_modified_time": 1666082027597,
            "location": "EU",
            "materialized_view": [],
            "num_bytes": 0,
            "num_long_term_bytes": 0,
            "num_rows": 0,
            "project": "bqsm-host",
            "range_partitioning": [],
            "schema": "[{\"mode\":\"NULLABLE\",\"name\":\"run_id\",\"type\":\"STRING\"},{\"mode\":\"NULLABLE\",\"name\":\"tracking_id\",\"type\":\"STRING\"},{\"mode\":\"NULLABLE\",\"name\":\"service_name\",\"type\":\"STRING\"},{\"mode\":\"NULLABLE\",\"name\":\"exception_name\",\"type\":\"STRING\"},{\"mode\":\"NULLABLE\",\"name\":\"exception_message\",\"type\":\"STRING\"}]",
            "self_link": "https://bigquery.googleapis.com/bigquery/v2/projects/bqsm-host/datasets/bq_snapshot_manager/tables/v_errors_non_retryable",
            "table_id": "v_errors_non_retryable",
            "time_partitioning": [],
            "type": "VIEW",
            "view": [
              {
                "query": "WITH nonretryable AS\n(\nSELECT DISTINCT\njsonPayload.global_run_id AS run_id,\njsonPayload.non_retryable_ex_tracking_id AS tracking_id,\nresource.labels.service_name AS service_name,\njsonPayload.non_retryable_ex_name AS exception_name,\njsonPayload.non_retryable_ex_msg AS exception_message,\nFROM\n`bqsm-host.bq_snapshot_manager.run_googleapis_com_stdout`\nWHERE\njsonPayload.global_app_log = 'NON_RETRYABLE_EXCEPTIONS_LOG'\nORDER BY 2\n)\n\nSELECT *  FROM nonretryable",
                "use_legacy_sql": false
              }
            ]
          },
          "sensitive_attributes": [],
          "private": "bnVsbA==",
          "dependencies": [
            "data.google_service_account_access_token.default",
            "module.bigquery.google_bigquery_dataset.results_dataset",
            "module.bigquery.google_bigquery_table.logging_table"
          ]
        }
      ]
    },
    {
      "module": "module.bigquery",
      "mode": "managed",
      "type": "google_bigquery_table",
      "name": "view_errors_retryable",
      "provider": "provider[\"registry.terraform.io/hashicorp/google\"]",
      "instances": [
        {
          "schema_version": 0,
          "attributes": {
            "clustering": null,
            "creation_time": 1666082027331,
            "dataset_id": "bq_snapshot_manager",
            "deletion_protection": false,
            "description": "",
            "encryption_configuration": [],
            "etag": "ddB5zrb0dUlzXfMN6k6hUw==",
            "expiration_time": 0,
            "external_data_configuration": [],
            "friendly_name": "",
            "id": "projects/bqsm-host/datasets/bq_snapshot_manager/tables/v_errors_retryable",
            "labels": {},
            "last_modified_time": 1666082027691,
            "location": "EU",
            "materialized_view": [],
            "num_bytes": 0,
            "num_long_term_bytes": 0,
            "num_rows": 0,
            "project": "bqsm-host",
            "range_partitioning": [],
            "schema": "[{\"mode\":\"NULLABLE\",\"name\":\"run_id\",\"type\":\"STRING\"},{\"mode\":\"NULLABLE\",\"name\":\"tracking_id\",\"type\":\"STRING\"},{\"mode\":\"NULLABLE\",\"name\":\"service_name\",\"type\":\"STRING\"},{\"mode\":\"NULLABLE\",\"name\":\"exception_name\",\"type\":\"STRING\"},{\"mode\":\"NULLABLE\",\"name\":\"exception_message\",\"type\":\"STRING\"}]",
            "self_link": "https://bigquery.googleapis.com/bigquery/v2/projects/bqsm-host/datasets/bq_snapshot_manager/tables/v_errors_retryable",
            "table_id": "v_errors_retryable",
            "time_partitioning": [],
            "type": "VIEW",
            "view": [
              {
                "query": "WITH retryable AS\n(\nSELECT DISTINCT\njsonPayload.global_run_id AS run_id,\njsonPayload.retryable_ex_tracking_id AS tracking_id,\nresource.labels.service_name AS service_name,\njsonPayload.retryable_ex_name AS exception_name,\njsonPayload.retryable_ex_msg AS exception_message,\nFROM\n`bqsm-host.bq_snapshot_manager.run_googleapis_com_stdout`\nWHERE\njsonPayload.global_app_log = 'RETRYABLE_EXCEPTIONS_LOG'\nORDER BY 2\n)\n\nSELECT *  FROM retryable",
                "use_legacy_sql": false
              }
            ]
          },
          "sensitive_attributes": [],
          "private": "bnVsbA==",
          "dependencies": [
            "data.google_service_account_access_token.default",
            "module.bigquery.google_bigquery_dataset.results_dataset",
            "module.bigquery.google_bigquery_table.logging_table"
          ]
        }
      ]
    },
    {
      "module": "module.bigquery",
      "mode": "managed",
      "type": "google_bigquery_table",
      "name": "view_run_summary",
      "provider": "provider[\"registry.terraform.io/hashicorp/google\"]",
      "instances": [
        {
          "schema_version": 0,
          "attributes": {
            "clustering": null,
            "creation_time": 1666082030923,
            "dataset_id": "bq_snapshot_manager",
            "deletion_protection": false,
            "description": "",
            "encryption_configuration": [],
            "etag": "qVRpCQKpHlBIe1K9it8IIA==",
            "expiration_time": 0,
            "external_data_configuration": [],
            "friendly_name": "",
            "id": "projects/bqsm-host/datasets/bq_snapshot_manager/tables/v_run_summary",
            "labels": {},
            "last_modified_time": 1666082031495,
            "location": "EU",
            "materialized_view": [],
            "num_bytes": 0,
            "num_long_term_bytes": 0,
            "num_rows": 0,
            "project": "bqsm-host",
            "range_partitioning": [],
            "schema": "[{\"mode\":\"NULLABLE\",\"name\":\"run_id\",\"type\":\"STRING\"},{\"mode\":\"NULLABLE\",\"name\":\"timestamp\",\"type\":\"TIMESTAMP\"},{\"mode\":\"NULLABLE\",\"name\":\"tracking_id\",\"type\":\"STRING\"},{\"mode\":\"NULLABLE\",\"name\":\"status\",\"type\":\"STRING\"},{\"mode\":\"NULLABLE\",\"name\":\"details\",\"type\":\"STRING\"}]",
            "self_link": "https://bigquery.googleapis.com/bigquery/v2/projects/bqsm-host/datasets/bq_snapshot_manager/tables/v_run_summary",
            "table_id": "v_run_summary",
            "time_partitioning": [],
            "type": "VIEW",
            "view": [
              {
                "query": "WITH broken AS\n(\n-- Check for Tagger call in-completion (yet)\nSELECT\nrun_id,\nTIMESTAMP_MILLIS(CAST(SUBSTR(run_id, 0, 13) AS INT64)) AS timestamp,\ns.dispatched_tracking_id AS tracking_id,\n'INCOMPLETE' AS status,\nmsg AS details\nFROM `bqsm-host.bq_snapshot_manager.v_broken_steps` s\n),\nsuccess AS (\n\n-- Check for Tagger call completion\nSELECT DISTINCT\nrun_id,\nTIMESTAMP_MILLIS(CAST(SUBSTR(run_id, 0, 13) AS INT64)) AS timestamp,\ntracker AS tracking_id,\n'COMPLETE' AS status,\n'Tagger Completed Successfully' AS details\nFROM\n`bqsm-host.bq_snapshot_manager.v_service_calls`\nWHERE tagger_ends \u003e 0\n\n)\n,\nfinal AS\n(\nSELECT * FROM broken\nUNION ALL\nSELECT * FROM success\n)\n\n\nSELECT * FROM final ORDER BY run_id DESC, status, tracking_id",
                "use_legacy_sql": false
              }
            ]
          },
          "sensitive_attributes": [],
          "private": "bnVsbA==",
          "dependencies": [
            "data.google_service_account_access_token.default",
            "module.bigquery.google_bigquery_dataset.results_dataset",
            "module.bigquery.google_bigquery_table.logging_table",
            "module.bigquery.google_bigquery_table.logging_view_broken_steps",
            "module.bigquery.google_bigquery_table.logging_view_steps",
            "module.bigquery.google_bigquery_table.view_service_calls"
          ]
        }
      ]
    },
    {
      "module": "module.bigquery",
      "mode": "managed",
      "type": "google_bigquery_table",
      "name": "view_run_summary_counts",
      "provider": "provider[\"registry.terraform.io/hashicorp/google\"]",
      "instances": [
        {
          "schema_version": 0,
          "attributes": {
            "clustering": null,
            "creation_time": 1666082032083,
            "dataset_id": "bq_snapshot_manager",
            "deletion_protection": false,
            "description": "",
            "encryption_configuration": [],
            "etag": "UgE3Khh9ZSCk2lT3VNd2YQ==",
            "expiration_time": 0,
            "external_data_configuration": [],
            "friendly_name": "",
            "id": "projects/bqsm-host/datasets/bq_snapshot_manager/tables/v_run_summary_counts",
            "labels": {},
            "last_modified_time": 1666082032697,
            "location": "EU",
            "materialized_view": [],
            "num_bytes": 0,
            "num_long_term_bytes": 0,
            "num_rows": 0,
            "project": "bqsm-host",
            "range_partitioning": [],
            "schema": "[{\"mode\":\"NULLABLE\",\"name\":\"run_id\",\"type\":\"STRING\"},{\"mode\":\"NULLABLE\",\"name\":\"timestamp\",\"type\":\"TIMESTAMP\"},{\"mode\":\"NULLABLE\",\"name\":\"complete_count\",\"type\":\"INTEGER\"},{\"mode\":\"NULLABLE\",\"name\":\"incomplete_count\",\"type\":\"INTEGER\"},{\"mode\":\"NULLABLE\",\"name\":\"total\",\"type\":\"INTEGER\"}]",
            "self_link": "https://bigquery.googleapis.com/bigquery/v2/projects/bqsm-host/datasets/bq_snapshot_manager/tables/v_run_summary_counts",
            "table_id": "v_run_summary_counts",
            "time_partitioning": [],
            "type": "VIEW",
            "view": [
              {
                "query": "SELECT\nrun_id,\nTIMESTAMP_MILLIS(CAST(SUBSTR(run_id, 0, 13) AS INT64)) AS timestamp,\nSUM(CASE WHEN status = 'COMPLETE' THEN 1 ELSE 0 END) AS complete_count,\nSUM(CASE WHEN status = 'INCOMPLETE' THEN 1 ELSE 0 END) AS incomplete_count,\nCOUNT(1) AS total\nFROM bqsm-host.bq_snapshot_manager.v_run_summary\nGROUP BY run_id\nORDER BY 1 DESC",
                "use_legacy_sql": false
              }
            ]
          },
          "sensitive_attributes": [],
          "private": "bnVsbA==",
          "dependencies": [
            "data.google_service_account_access_token.default",
            "module.bigquery.google_bigquery_dataset.results_dataset",
            "module.bigquery.google_bigquery_table.logging_table",
            "module.bigquery.google_bigquery_table.logging_view_broken_steps",
            "module.bigquery.google_bigquery_table.logging_view_steps",
            "module.bigquery.google_bigquery_table.view_run_summary",
            "module.bigquery.google_bigquery_table.view_service_calls"
          ]
        }
      ]
    },
    {
      "module": "module.bigquery",
      "mode": "managed",
      "type": "google_bigquery_table",
      "name": "view_service_calls",
      "provider": "provider[\"registry.terraform.io/hashicorp/google\"]",
      "instances": [
        {
          "schema_version": 0,
          "attributes": {
            "clustering": null,
            "creation_time": 1666082028429,
            "dataset_id": "bq_snapshot_manager",
            "deletion_protection": false,
            "description": "",
            "encryption_configuration": [],
            "etag": "CL3GB5iohlFCOQ6Kt0xL4Q==",
            "expiration_time": 0,
            "external_data_configuration": [],
            "friendly_name": "",
            "id": "projects/bqsm-host/datasets/bq_snapshot_manager/tables/v_service_calls",
            "labels": {},
            "last_modified_time": 1666082028980,
            "location": "EU",
            "materialized_view": [],
            "num_bytes": 0,
            "num_long_term_bytes": 0,
            "num_rows": 0,
            "project": "bqsm-host",
            "range_partitioning": [],
            "schema": "[{\"mode\":\"NULLABLE\",\"name\":\"run_id\",\"type\":\"STRING\"},{\"mode\":\"NULLABLE\",\"name\":\"tracker\",\"type\":\"STRING\"},{\"mode\":\"NULLABLE\",\"name\":\"inspector_starts\",\"type\":\"INTEGER\"},{\"mode\":\"NULLABLE\",\"name\":\"inspector_ends\",\"type\":\"INTEGER\"},{\"mode\":\"NULLABLE\",\"name\":\"tagger_starts\",\"type\":\"INTEGER\"},{\"mode\":\"NULLABLE\",\"name\":\"tagger_ends\",\"type\":\"INTEGER\"}]",
            "self_link": "https://bigquery.googleapis.com/bigquery/v2/projects/bqsm-host/datasets/bq_snapshot_manager/tables/v_service_calls",
            "table_id": "v_service_calls",
            "time_partitioning": [],
            "type": "VIEW",
            "view": [
              {
                "query": "SELECT\nrun_id,\ntracker,\nSUM(CASE WHEN step = 'START'  AND function_number = 2 THEN 1 ELSE 0 END) AS inspector_starts,\nSUM(CASE WHEN step = 'END' AND function_number = 2 THEN 1 ELSE 0 END) AS inspector_ends,\nSUM(CASE WHEN step = 'START'  AND function_number = 3 THEN 1 ELSE 0 END) AS tagger_starts,\nSUM(CASE WHEN step = 'END' AND function_number = 3 THEN 1 ELSE 0 END) AS tagger_ends,\nFROM\n`bqsm-host.bq_snapshot_manager.v_steps`\nWHERE function_number \u003e 1\nGROUP BY 1,2",
                "use_legacy_sql": false
              }
            ]
          },
          "sensitive_attributes": [],
          "private": "bnVsbA==",
          "dependencies": [
            "data.google_service_account_access_token.default",
            "module.bigquery.google_bigquery_dataset.results_dataset",
            "module.bigquery.google_bigquery_table.logging_table",
            "module.bigquery.google_bigquery_table.logging_view_steps"
          ]
        }
      ]
    },
    {
      "module": "module.bigquery",
      "mode": "managed",
      "type": "google_bigquery_table",
      "name": "view_tracking_id_map",
      "provider": "provider[\"registry.terraform.io/hashicorp/google\"]",
      "instances": [
        {
          "schema_version": 0,
          "attributes": {
            "clustering": null,
            "creation_time": 1666082027056,
            "dataset_id": "bq_snapshot_manager",
            "deletion_protection": false,
            "description": "",
            "encryption_configuration": [],
            "etag": "kr+TTNwaWS3E0eovz4IxGg==",
            "expiration_time": 0,
            "external_data_configuration": [],
            "friendly_name": "",
            "id": "projects/bqsm-host/datasets/bq_snapshot_manager/tables/v_tracking_id_to_table_map",
            "labels": {},
            "last_modified_time": 1666082027590,
            "location": "EU",
            "materialized_view": [],
            "num_bytes": 0,
            "num_long_term_bytes": 0,
            "num_rows": 0,
            "project": "bqsm-host",
            "range_partitioning": [],
            "schema": "[{\"mode\":\"NULLABLE\",\"name\":\"run_id\",\"type\":\"STRING\"},{\"mode\":\"NULLABLE\",\"name\":\"tracking_id\",\"type\":\"STRING\"},{\"mode\":\"NULLABLE\",\"name\":\"tablespec\",\"type\":\"STRING\"},{\"mode\":\"NULLABLE\",\"name\":\"project_id\",\"type\":\"STRING\"},{\"mode\":\"NULLABLE\",\"name\":\"dataset_id\",\"type\":\"STRING\"},{\"mode\":\"NULLABLE\",\"name\":\"table_id\",\"type\":\"STRING\"}]",
            "self_link": "https://bigquery.googleapis.com/bigquery/v2/projects/bqsm-host/datasets/bq_snapshot_manager/tables/v_tracking_id_to_table_map",
            "table_id": "v_tracking_id_to_table_map",
            "time_partitioning": [],
            "type": "VIEW",
            "view": [
              {
                "query": "SELECT DISTINCT\njsonPayload.global_run_id AS run_id,\njsonPayload.dispatched_tracking_id AS tracking_id,\njsonPayload.dispatched_tablespec AS tablespec,\njsonPayload.dispatched_tablespec_project AS project_id,\njsonPayload.dispatched_tablespec_dataset AS dataset_id,\njsonPayload.dispatched_tablespec_table AS table_id\nFROM\n`bqsm-host.bq_snapshot_manager.run_googleapis_com_stdout`\nWHERE\njsonPayload.global_app_log = 'DISPATCHED_REQUESTS_LOG'",
                "use_legacy_sql": false
              }
            ]
          },
          "sensitive_attributes": [],
          "private": "bnVsbA==",
          "dependencies": [
            "data.google_service_account_access_token.default",
            "module.bigquery.google_bigquery_dataset.results_dataset",
            "module.bigquery.google_bigquery_table.logging_table"
          ]
        }
      ]
    },
    {
      "module": "module.cloud-run-configurator",
      "mode": "managed",
      "type": "google_cloud_run_service",
      "name": "service",
      "provider": "provider[\"registry.terraform.io/hashicorp/google\"]",
      "instances": [
        {
          "schema_version": 1,
          "attributes": {
            "autogenerate_revision_name": false,
            "id": "locations/europe-west3/namespaces/bqsm-host/services/s2-configurator",
            "location": "europe-west3",
            "metadata": [
              {
                "annotations": {
                  "run.googleapis.com/ingress": "internal",
                  "run.googleapis.com/ingress-status": "internal",
                  "serving.knative.dev/creator": "bq-snapshot-mgr-terraform@bqsm-host.iam.gserviceaccount.com",
                  "serving.knative.dev/lastModifier": "bq-snapshot-mgr-terraform@bqsm-host.iam.gserviceaccount.com"
                },
                "generation": 2,
                "labels": {
                  "cloud.googleapis.com/location": "europe-west3"
                },
                "namespace": "bqsm-host",
                "resource_version": "AAXrTNYvfMI",
                "self_link": "/apis/serving.knative.dev/v1/namespaces/752982373840/services/s2-configurator",
                "uid": "08915f6d-7e2c-4cc3-910d-311ad3702cf2"
              }
            ],
            "name": "s2-configurator",
            "project": "bqsm-host",
            "status": [
              {
                "conditions": [
                  {
                    "message": "",
                    "reason": "",
                    "status": "True",
                    "type": "Ready"
                  },
                  {
                    "message": "",
                    "reason": "",
                    "status": "True",
                    "type": "ConfigurationsReady"
                  },
                  {
                    "message": "",
                    "reason": "",
                    "status": "True",
                    "type": "RoutesReady"
                  }
                ],
                "latest_created_revision_name": "s2-configurator-gd8sf",
                "latest_ready_revision_name": "s2-configurator-gd8sf",
                "observed_generation": 2,
                "url": "https://s2-configurator-c4swln7zfa-ey.a.run.app"
              }
            ],
            "template": [
              {
                "metadata": [
                  {
                    "annotations": {
                      "autoscaling.knative.dev/maxScale": "10"
                    },
                    "generation": 0,
                    "labels": {},
                    "name": "",
                    "namespace": "",
                    "resource_version": "",
                    "self_link": "",
                    "uid": ""
                  }
                ],
                "spec": [
                  {
                    "container_concurrency": 80,
                    "containers": [
                      {
                        "args": [],
                        "command": [],
                        "env": [
                          {
                            "name": "BACKUP_POLICY_JSON",
                            "value": "{\"dataset_overrides\":{\"project1.dataset1\":{\"backup_cron\":\"*****\",\"backup_method\":\"BigQuery Snapshot\",\"backup_time_travel_offset_days\":\"0\",\"bq_snapshot_expiration_days\":\"15\",\"bq_snapshot_storage_dataset\":\"dataset\",\"bq_snapshot_storage_project\":\"project\",\"gcs_snapshot_format\":\"\",\"gcs_snapshot_storage_location\":\"gs://bla/\"},\"project1.dataset2\":{\"backup_cron\":\"*****\",\"backup_method\":\"BigQuery Snapshot\",\"backup_time_travel_offset_days\":\"0\",\"bq_snapshot_expiration_days\":\"15\",\"bq_snapshot_storage_dataset\":\"dataset\",\"bq_snapshot_storage_project\":\"project\",\"gcs_snapshot_format\":\"\",\"gcs_snapshot_storage_location\":\"gs://bla/\"}},\"default_policy\":{\"backup_cron\":\"0 0 1 * *\",\"backup_method\":\"BigQuery Snapshot\",\"backup_time_travel_offset_days\":\"7\",\"bq_snapshot_expiration_days\":\"15\",\"bq_snapshot_storage_dataset\":\"dataset\",\"bq_snapshot_storage_project\":\"project\",\"gcs_snapshot_format\":\"\",\"gcs_snapshot_storage_location\":\"gs://bla/\"},\"folder_overrides\":{\"456209084685\":{\"backup_cron\":\"*****\",\"backup_method\":\"BigQuery Snapshot\",\"backup_time_travel_offset_days\":\"0\",\"bq_snapshot_expiration_days\":\"15\",\"bq_snapshot_storage_dataset\":\"dataset\",\"bq_snapshot_storage_project\":\"project\",\"gcs_snapshot_format\":\"\",\"gcs_snapshot_storage_location\":\"gs://bla/\"}},\"project_overrides\":{\"bqsm-data-1\":{\"backup_cron\":\"0 0 1 * *\",\"backup_method\":\"BigQuery Snapshot\",\"backup_time_travel_offset_days\":\"3\",\"bq_snapshot_expiration_days\":\"15\",\"bq_snapshot_storage_dataset\":\"london_backups\",\"bq_snapshot_storage_project\":\"bqsm-data-1\",\"gcs_snapshot_format\":\"\",\"gcs_snapshot_storage_location\":\"\"},\"bqsm-data-2\":{\"backup_cron\":\"0 0 1 * *\",\"backup_method\":\"BigQuery Snapshot\",\"backup_time_travel_offset_days\":\"0\",\"bq_snapshot_expiration_days\":\"15\",\"bq_snapshot_storage_dataset\":\"europe_backups\",\"bq_snapshot_storage_project\":\"bqsm-data-2\",\"gcs_snapshot_format\":\"\",\"gcs_snapshot_storage_location\":\"\"}},\"table_overrides\":{\"p1.d1.t1\":{\"backup_cron\":\"*****\",\"backup_method\":\"BigQuery Snapshot\",\"backup_time_travel_offset_days\":\"0\",\"bq_snapshot_expiration_days\":\"15\",\"bq_snapshot_storage_dataset\":\"dataset\",\"bq_snapshot_storage_project\":\"project\",\"gcs_snapshot_format\":\"\",\"gcs_snapshot_storage_location\":\"gs://bla/\"},\"p1.d1.t2\":{\"backup_cron\":\"*****\",\"backup_method\":\"BigQuery Snapshot\",\"backup_time_travel_offset_days\":\"0\",\"bq_snapshot_expiration_days\":\"15\",\"bq_snapshot_storage_dataset\":\"dataset\",\"bq_snapshot_storage_project\":\"project\",\"gcs_snapshot_format\":\"\",\"gcs_snapshot_storage_location\":\"gs://bla/\"}}}",
                            "value_from": []
                          },
                          {
                            "name": "BACKUP_TAG_TEMPLATE_ID",
                            "value": "projects/bqsm-host/locations/eu/tagTemplates/bq_backup_manager_template",
                            "value_from": []
                          },
                          {
                            "name": "COMPUTE_REGION_ID",
                            "value": "europe-west3",
                            "value_from": []
                          },
                          {
                            "name": "DATA_REGION_ID",
                            "value": "eu",
                            "value_from": []
                          },
                          {
                            "name": "GCS_FLAGS_BUCKET",
                            "value": "bqsm-host-bq-snapshot-mgr-flags",
                            "value_from": []
                          },
                          {
                            "name": "IS_DRY_RUN",
                            "value": "false",
                            "value_from": []
                          },
                          {
                            "name": "PROJECT_ID",
                            "value": "bqsm-host",
                            "value_from": []
                          },
                          {
                            "name": "SNAPSHOTER_BQ_OUTPUT_TOPIC",
                            "value": "snapshoter_bq_topic",
                            "value_from": []
                          },
                          {
                            "name": "SNAPSHOTER_GCS_OUTPUT_TOPIC",
                            "value": "snapshoter_gcs_topic",
                            "value_from": []
                          },
                          {
                            "name": "TERRAFORM_UPDATED_AT",
                            "value": "2022-10-18-12:52:52",
                            "value_from": []
                          }
                        ],
                        "env_from": [],
                        "image": "europe-west3-docker.pkg.dev/bqsm-host/docker-repo/bqsm-configurator-service:latest",
                        "ports": [
                          {
                            "container_port": 8080,
                            "name": "http1",
                            "protocol": ""
                          }
                        ],
                        "resources": [
                          {
                            "limits": {
                              "cpu": "1",
                              "memory": "1Gi"
                            },
                            "requests": {}
                          }
                        ],
                        "volume_mounts": [],
                        "working_dir": ""
                      }
                    ],
                    "service_account_name": "configurator@bqsm-host.iam.gserviceaccount.com",
                    "serving_state": "",
                    "timeout_seconds": 300,
                    "volumes": []
                  }
                ]
              }
            ],
            "timeouts": null,
            "traffic": [
              {
                "latest_revision": true,
                "percent": 100,
                "revision_name": "",
                "tag": "",
                "url": ""
              }
            ]
          },
          "sensitive_attributes": [],
          "private": "eyJlMmJmYjczMC1lY2FhLTExZTYtOGY4OC0zNDM2M2JjN2M0YzAiOnsiY3JlYXRlIjoxMjAwMDAwMDAwMDAwLCJkZWxldGUiOjEyMDAwMDAwMDAwMDAsInVwZGF0ZSI6MTIwMDAwMDAwMDAwMH0sInNjaGVtYV92ZXJzaW9uIjoiMSJ9",
          "dependencies": [
            "data.google_service_account_access_token.default",
            "module.data-catalog.google_data_catalog_tag_template.snapshot_tag_template",
            "module.gcs.google_storage_bucket.gcs_flags_bucket",
            "module.iam.google_service_account.sa_configurator",
            "module.pubsub-snapshoter-bq.google_pubsub_topic.topic",
            "module.pubsub-snapshoter-gcs.google_pubsub_topic.topic"
          ]
        }
      ]
    },
    {
      "module": "module.cloud-run-configurator",
      "mode": "managed",
      "type": "google_cloud_run_service_iam_member",
      "name": "sa_invoker",
      "provider": "provider[\"registry.terraform.io/hashicorp/google\"]",
      "instances": [
        {
          "schema_version": 0,
          "attributes": {
            "condition": [],
            "etag": "BwXrTESE1do=",
            "id": "v1/projects/bqsm-host/locations/europe-west3/services/s2-configurator/roles/run.invoker/serviceAccount:configurator-tasks@bqsm-host.iam.gserviceaccount.com",
            "location": "europe-west3",
            "member": "serviceAccount:configurator-tasks@bqsm-host.iam.gserviceaccount.com",
            "project": "bqsm-host",
            "role": "roles/run.invoker",
            "service": "v1/projects/bqsm-host/locations/europe-west3/services/s2-configurator"
          },
          "sensitive_attributes": [],
          "private": "bnVsbA==",
          "dependencies": [
            "data.google_service_account_access_token.default",
            "module.cloud-run-configurator.google_cloud_run_service.service",
            "module.data-catalog.google_data_catalog_tag_template.snapshot_tag_template",
            "module.gcs.google_storage_bucket.gcs_flags_bucket",
            "module.iam.google_service_account.sa_configurator",
            "module.iam.google_service_account.sa_configurator_tasks",
            "module.pubsub-snapshoter-bq.google_pubsub_topic.topic",
            "module.pubsub-snapshoter-gcs.google_pubsub_topic.topic"
          ]
        }
      ]
    },
    {
      "module": "module.cloud-run-dispatcher",
      "mode": "managed",
      "type": "google_cloud_run_service",
      "name": "service",
      "provider": "provider[\"registry.terraform.io/hashicorp/google\"]",
      "instances": [
        {
          "schema_version": 1,
          "attributes": {
            "autogenerate_revision_name": false,
            "id": "locations/europe-west3/namespaces/bqsm-host/services/s1-dispatcher",
            "location": "europe-west3",
            "metadata": [
              {
                "annotations": {
                  "run.googleapis.com/ingress": "internal",
                  "run.googleapis.com/ingress-status": "internal",
                  "serving.knative.dev/creator": "bq-snapshot-mgr-terraform@bqsm-host.iam.gserviceaccount.com",
                  "serving.knative.dev/lastModifier": "bq-snapshot-mgr-terraform@bqsm-host.iam.gserviceaccount.com"
                },
                "generation": 8,
                "labels": {
                  "cloud.googleapis.com/location": "europe-west3"
                },
                "namespace": "bqsm-host",
                "resource_version": "AAXrTNX3a78",
                "self_link": "/apis/serving.knative.dev/v1/namespaces/752982373840/services/s1-dispatcher",
                "uid": "3f875315-2039-4fcf-9747-a431682dc733"
              }
            ],
            "name": "s1-dispatcher",
            "project": "bqsm-host",
            "status": [
              {
                "conditions": [
                  {
                    "message": "",
                    "reason": "",
                    "status": "True",
                    "type": "Ready"
                  },
                  {
                    "message": "",
                    "reason": "",
                    "status": "True",
                    "type": "ConfigurationsReady"
                  },
                  {
                    "message": "",
                    "reason": "",
                    "status": "True",
                    "type": "RoutesReady"
                  }
                ],
                "latest_created_revision_name": "s1-dispatcher-2xxqj",
                "latest_ready_revision_name": "s1-dispatcher-2xxqj",
                "observed_generation": 8,
                "url": "https://s1-dispatcher-c4swln7zfa-ey.a.run.app"
              }
            ],
            "template": [
              {
                "metadata": [
                  {
                    "annotations": {
                      "autoscaling.knative.dev/maxScale": "1"
                    },
                    "generation": 0,
                    "labels": {},
                    "name": "",
                    "namespace": "",
                    "resource_version": "",
                    "self_link": "",
                    "uid": ""
                  }
                ],
                "spec": [
                  {
                    "container_concurrency": 80,
                    "containers": [
                      {
                        "args": [],
                        "command": [],
                        "env": [
                          {
                            "name": "COMPUTE_REGION_ID",
                            "value": "europe-west3",
                            "value_from": []
                          },
                          {
                            "name": "DATA_REGION_ID",
                            "value": "eu",
                            "value_from": []
                          },
                          {
                            "name": "GCS_FLAGS_BUCKET",
                            "value": "bqsm-host-bq-snapshot-mgr-flags",
                            "value_from": []
                          },
                          {
                            "name": "IS_DRY_RUN",
                            "value": "false",
                            "value_from": []
                          },
                          {
                            "name": "OUTPUT_TOPIC",
                            "value": "configurator_topic",
                            "value_from": []
                          },
                          {
                            "name": "PROJECT_ID",
                            "value": "bqsm-host",
                            "value_from": []
                          },
                          {
                            "name": "TERRAFORM_UPDATED_AT",
                            "value": "2022-10-18-12:52:52",
                            "value_from": []
                          }
                        ],
                        "env_from": [],
                        "image": "europe-west3-docker.pkg.dev/bqsm-host/docker-repo/bqsm-dispatcher-service:latest",
                        "ports": [
                          {
                            "container_port": 8080,
                            "name": "http1",
                            "protocol": ""
                          }
                        ],
                        "resources": [
                          {
                            "limits": {
                              "cpu": "2",
                              "memory": "1Gi"
                            },
                            "requests": {}
                          }
                        ],
                        "volume_mounts": [],
                        "working_dir": ""
                      }
                    ],
                    "service_account_name": "dispatcher@bqsm-host.iam.gserviceaccount.com",
                    "serving_state": "",
                    "timeout_seconds": 540,
                    "volumes": []
                  }
                ]
              }
            ],
            "timeouts": null,
            "traffic": [
              {
                "latest_revision": true,
                "percent": 100,
                "revision_name": "",
                "tag": "",
                "url": ""
              }
            ]
          },
          "sensitive_attributes": [],
          "private": "eyJlMmJmYjczMC1lY2FhLTExZTYtOGY4OC0zNDM2M2JjN2M0YzAiOnsiY3JlYXRlIjoxMjAwMDAwMDAwMDAwLCJkZWxldGUiOjEyMDAwMDAwMDAwMDAsInVwZGF0ZSI6MTIwMDAwMDAwMDAwMH0sInNjaGVtYV92ZXJzaW9uIjoiMSJ9",
          "dependencies": [
            "data.google_service_account_access_token.default",
            "module.gcs.google_storage_bucket.gcs_flags_bucket",
            "module.iam.google_service_account.sa_dispatcher",
            "module.pubsub-configurator.google_pubsub_topic.topic"
          ]
        }
      ]
    },
    {
      "module": "module.cloud-run-dispatcher",
      "mode": "managed",
      "type": "google_cloud_run_service_iam_member",
      "name": "sa_invoker",
      "provider": "provider[\"registry.terraform.io/hashicorp/google\"]",
      "instances": [
        {
          "schema_version": 0,
          "attributes": {
            "condition": [],
            "etag": "BwXrSvqtp6c=",
            "id": "v1/projects/bqsm-host/locations/europe-west3/services/s1-dispatcher/roles/run.invoker/serviceAccount:dispatcher-tasks@bqsm-host.iam.gserviceaccount.com",
            "location": "europe-west3",
            "member": "serviceAccount:dispatcher-tasks@bqsm-host.iam.gserviceaccount.com",
            "project": "bqsm-host",
            "role": "roles/run.invoker",
            "service": "v1/projects/bqsm-host/locations/europe-west3/services/s1-dispatcher"
          },
          "sensitive_attributes": [],
          "private": "bnVsbA==",
          "dependencies": [
            "data.google_service_account_access_token.default",
            "module.cloud-run-dispatcher.google_cloud_run_service.service",
            "module.gcs.google_storage_bucket.gcs_flags_bucket",
            "module.iam.google_service_account.sa_dispatcher",
            "module.iam.google_service_account.sa_dispatcher_tasks",
            "module.pubsub-configurator.google_pubsub_topic.topic"
          ]
        }
      ]
    },
    {
      "module": "module.cloud-run-snapshoter-bq",
      "mode": "managed",
      "type": "google_cloud_run_service",
      "name": "service",
      "provider": "provider[\"registry.terraform.io/hashicorp/google\"]",
      "instances": [
        {
          "schema_version": 1,
          "attributes": {
            "autogenerate_revision_name": false,
            "id": "locations/europe-west3/namespaces/bqsm-host/services/s3-snapshoter-bq",
            "location": "europe-west3",
            "metadata": [
              {
                "annotations": {
                  "run.googleapis.com/ingress": "internal",
                  "run.googleapis.com/ingress-status": "internal",
                  "serving.knative.dev/creator": "bq-snapshot-mgr-terraform@bqsm-host.iam.gserviceaccount.com",
                  "serving.knative.dev/lastModifier": "bq-snapshot-mgr-terraform@bqsm-host.iam.gserviceaccount.com"
                },
                "generation": 8,
                "labels": {
                  "cloud.googleapis.com/location": "europe-west3"
                },
                "namespace": "bqsm-host",
                "resource_version": "AAXrTNY+Trw",
                "self_link": "/apis/serving.knative.dev/v1/namespaces/752982373840/services/s3-snapshoter-bq",
                "uid": "cfa4dd8a-f77e-4d11-9bf9-265d3af23bfd"
              }
            ],
            "name": "s3-snapshoter-bq",
            "project": "bqsm-host",
            "status": [
              {
                "conditions": [
                  {
                    "message": "",
                    "reason": "",
                    "status": "True",
                    "type": "Ready"
                  },
                  {
                    "message": "",
                    "reason": "",
                    "status": "True",
                    "type": "ConfigurationsReady"
                  },
                  {
                    "message": "",
                    "reason": "",
                    "status": "True",
                    "type": "RoutesReady"
                  }
                ],
                "latest_created_revision_name": "s3-snapshoter-bq-l9878",
                "latest_ready_revision_name": "s3-snapshoter-bq-l9878",
                "observed_generation": 8,
                "url": "https://s3-snapshoter-bq-c4swln7zfa-ey.a.run.app"
              }
            ],
            "template": [
              {
                "metadata": [
                  {
                    "annotations": {
                      "autoscaling.knative.dev/maxScale": "10"
                    },
                    "generation": 0,
                    "labels": {},
                    "name": "",
                    "namespace": "",
                    "resource_version": "",
                    "self_link": "",
                    "uid": ""
                  }
                ],
                "spec": [
                  {
                    "container_concurrency": 80,
                    "containers": [
                      {
                        "args": [],
                        "command": [],
                        "env": [
                          {
                            "name": "COMPUTE_REGION_ID",
                            "value": "europe-west3",
                            "value_from": []
                          },
                          {
                            "name": "DATA_REGION_ID",
                            "value": "eu",
                            "value_from": []
                          },
                          {
                            "name": "GCS_FLAGS_BUCKET",
                            "value": "bqsm-host-bq-snapshot-mgr-flags",
                            "value_from": []
                          },
                          {
                            "name": "IS_DRY_RUN",
                            "value": "false",
                            "value_from": []
                          },
                          {
                            "name": "OUTPUT_TOPIC",
                            "value": "tagger_topic",
                            "value_from": []
                          },
                          {
                            "name": "PROJECT_ID",
                            "value": "bqsm-host",
                            "value_from": []
                          },
                          {
                            "name": "SNAPSHOT_POLICY_JSON",
                            "value": "{\"dataset_overrides\":{\"project1.dataset1\":{\"backup_cron\":\"*****\",\"backup_method\":\"BigQuery Snapshot\",\"backup_time_travel_offset_days\":\"0\",\"bq_snapshot_expiration_days\":\"15\",\"bq_snapshot_storage_dataset\":\"dataset\",\"bq_snapshot_storage_project\":\"project\",\"gcs_snapshot_format\":\"\",\"gcs_snapshot_storage_location\":\"gs://bla/\"},\"project1.dataset2\":{\"backup_cron\":\"*****\",\"backup_method\":\"BigQuery Snapshot\",\"backup_time_travel_offset_days\":\"0\",\"bq_snapshot_expiration_days\":\"15\",\"bq_snapshot_storage_dataset\":\"dataset\",\"bq_snapshot_storage_project\":\"project\",\"gcs_snapshot_format\":\"\",\"gcs_snapshot_storage_location\":\"gs://bla/\"}},\"default_policy\":{\"backup_cron\":\"0 0 1 * *\",\"backup_method\":\"BigQuery Snapshot\",\"backup_time_travel_offset_days\":\"7\",\"bq_snapshot_expiration_days\":\"15\",\"bq_snapshot_storage_dataset\":\"dataset\",\"bq_snapshot_storage_project\":\"project\",\"gcs_snapshot_format\":\"\",\"gcs_snapshot_storage_location\":\"gs://bla/\"},\"folder_overrides\":{\"456209084685\":{\"backup_cron\":\"*****\",\"backup_method\":\"BigQuery Snapshot\",\"backup_time_travel_offset_days\":\"0\",\"bq_snapshot_expiration_days\":\"15\",\"bq_snapshot_storage_dataset\":\"dataset\",\"bq_snapshot_storage_project\":\"project\",\"gcs_snapshot_format\":\"\",\"gcs_snapshot_storage_location\":\"gs://bla/\"}},\"project_overrides\":{\"bqsm-data-1\":{\"backup_cron\":\"0 0 1 * *\",\"backup_method\":\"BigQuery Snapshot\",\"backup_time_travel_offset_days\":\"3\",\"bq_snapshot_expiration_days\":\"15\",\"bq_snapshot_storage_dataset\":\"london_backups\",\"bq_snapshot_storage_project\":\"bqsm-data-1\",\"gcs_snapshot_format\":\"\",\"gcs_snapshot_storage_location\":\"\"},\"bqsm-data-2\":{\"backup_cron\":\"0 0 1 * *\",\"backup_method\":\"BigQuery Snapshot\",\"backup_time_travel_offset_days\":\"0\",\"bq_snapshot_expiration_days\":\"15\",\"bq_snapshot_storage_dataset\":\"europe_backups\",\"bq_snapshot_storage_project\":\"bqsm-data-2\",\"gcs_snapshot_format\":\"\",\"gcs_snapshot_storage_location\":\"\"}},\"table_overrides\":{\"p1.d1.t1\":{\"backup_cron\":\"*****\",\"backup_method\":\"BigQuery Snapshot\",\"backup_time_travel_offset_days\":\"0\",\"bq_snapshot_expiration_days\":\"15\",\"bq_snapshot_storage_dataset\":\"dataset\",\"bq_snapshot_storage_project\":\"project\",\"gcs_snapshot_format\":\"\",\"gcs_snapshot_storage_location\":\"gs://bla/\"},\"p1.d1.t2\":{\"backup_cron\":\"*****\",\"backup_method\":\"BigQuery Snapshot\",\"backup_time_travel_offset_days\":\"0\",\"bq_snapshot_expiration_days\":\"15\",\"bq_snapshot_storage_dataset\":\"dataset\",\"bq_snapshot_storage_project\":\"project\",\"gcs_snapshot_format\":\"\",\"gcs_snapshot_storage_location\":\"gs://bla/\"}}}",
                            "value_from": []
                          },
                          {
                            "name": "TERRAFORM_UPDATED_AT",
                            "value": "2022-10-18-12:52:52",
                            "value_from": []
                          }
                        ],
                        "env_from": [],
                        "image": "europe-west3-docker.pkg.dev/bqsm-host/docker-repo/bqsm-snapshoter-bq-service:latest",
                        "ports": [
                          {
                            "container_port": 8080,
                            "name": "http1",
                            "protocol": ""
                          }
                        ],
                        "resources": [
                          {
                            "limits": {
                              "cpu": "1",
                              "memory": "1Gi"
                            },
                            "requests": {}
                          }
                        ],
                        "volume_mounts": [],
                        "working_dir": ""
                      }
                    ],
                    "service_account_name": "snapshoter-bq@bqsm-host.iam.gserviceaccount.com",
                    "serving_state": "",
                    "timeout_seconds": 300,
                    "volumes": []
                  }
                ]
              }
            ],
            "timeouts": null,
            "traffic": [
              {
                "latest_revision": true,
                "percent": 100,
                "revision_name": "",
                "tag": "",
                "url": ""
              }
            ]
          },
          "sensitive_attributes": [],
          "private": "eyJlMmJmYjczMC1lY2FhLTExZTYtOGY4OC0zNDM2M2JjN2M0YzAiOnsiY3JlYXRlIjoxMjAwMDAwMDAwMDAwLCJkZWxldGUiOjEyMDAwMDAwMDAwMDAsInVwZGF0ZSI6MTIwMDAwMDAwMDAwMH0sInNjaGVtYV92ZXJzaW9uIjoiMSJ9",
          "dependencies": [
            "data.google_service_account_access_token.default",
            "module.gcs.google_storage_bucket.gcs_flags_bucket",
            "module.iam.google_service_account.sa_snapshoter_bq",
            "module.pubsub-tagger.google_pubsub_topic.topic"
          ]
        }
      ]
    },
    {
      "module": "module.cloud-run-snapshoter-bq",
      "mode": "managed",
      "type": "google_cloud_run_service_iam_member",
      "name": "sa_invoker",
      "provider": "provider[\"registry.terraform.io/hashicorp/google\"]",
      "instances": [
        {
          "schema_version": 0,
          "attributes": {
            "condition": [],
            "etag": "BwXrSvqtpzs=",
            "id": "v1/projects/bqsm-host/locations/europe-west3/services/s3-snapshoter-bq/roles/run.invoker/serviceAccount:snapshoter-bq-tasks@bqsm-host.iam.gserviceaccount.com",
            "location": "europe-west3",
            "member": "serviceAccount:snapshoter-bq-tasks@bqsm-host.iam.gserviceaccount.com",
            "project": "bqsm-host",
            "role": "roles/run.invoker",
            "service": "v1/projects/bqsm-host/locations/europe-west3/services/s3-snapshoter-bq"
          },
          "sensitive_attributes": [],
          "private": "bnVsbA==",
          "dependencies": [
            "data.google_service_account_access_token.default",
            "module.cloud-run-snapshoter-bq.google_cloud_run_service.service",
            "module.gcs.google_storage_bucket.gcs_flags_bucket",
            "module.iam.google_service_account.sa_snapshoter_bq",
            "module.iam.google_service_account.sa_snapshoter_bq_tasks",
            "module.pubsub-tagger.google_pubsub_topic.topic"
          ]
        }
      ]
    },
    {
      "module": "module.cloud-run-snapshoter-gcs",
      "mode": "managed",
      "type": "google_cloud_run_service",
      "name": "service",
      "provider": "provider[\"registry.terraform.io/hashicorp/google\"]",
      "instances": [
        {
          "schema_version": 1,
          "attributes": {
            "autogenerate_revision_name": false,
            "id": "locations/europe-west3/namespaces/bqsm-host/services/s3-snapshoter-gcs",
            "location": "europe-west3",
            "metadata": [
              {
                "annotations": {
                  "run.googleapis.com/ingress": "internal",
                  "run.googleapis.com/ingress-status": "internal",
                  "serving.knative.dev/creator": "bq-snapshot-mgr-terraform@bqsm-host.iam.gserviceaccount.com",
                  "serving.knative.dev/lastModifier": "bq-snapshot-mgr-terraform@bqsm-host.iam.gserviceaccount.com"
                },
                "generation": 8,
                "labels": {
                  "cloud.googleapis.com/location": "europe-west3"
                },
                "namespace": "bqsm-host",
                "resource_version": "AAXrTNZOFwQ",
                "self_link": "/apis/serving.knative.dev/v1/namespaces/752982373840/services/s3-snapshoter-gcs",
                "uid": "d10b71e7-84df-4637-9302-13cfbab1e202"
              }
            ],
            "name": "s3-snapshoter-gcs",
            "project": "bqsm-host",
            "status": [
              {
                "conditions": [
                  {
                    "message": "",
                    "reason": "",
                    "status": "True",
                    "type": "Ready"
                  },
                  {
                    "message": "",
                    "reason": "",
                    "status": "True",
                    "type": "ConfigurationsReady"
                  },
                  {
                    "message": "",
                    "reason": "",
                    "status": "True",
                    "type": "RoutesReady"
                  }
                ],
                "latest_created_revision_name": "s3-snapshoter-gcs-9l8cj",
                "latest_ready_revision_name": "s3-snapshoter-gcs-9l8cj",
                "observed_generation": 8,
                "url": "https://s3-snapshoter-gcs-c4swln7zfa-ey.a.run.app"
              }
            ],
            "template": [
              {
                "metadata": [
                  {
                    "annotations": {
                      "autoscaling.knative.dev/maxScale": "10"
                    },
                    "generation": 0,
                    "labels": {},
                    "name": "",
                    "namespace": "",
                    "resource_version": "",
                    "self_link": "",
                    "uid": ""
                  }
                ],
                "spec": [
                  {
                    "container_concurrency": 80,
                    "containers": [
                      {
                        "args": [],
                        "command": [],
                        "env": [
                          {
                            "name": "COMPUTE_REGION_ID",
                            "value": "europe-west3",
                            "value_from": []
                          },
                          {
                            "name": "DATA_REGION_ID",
                            "value": "eu",
                            "value_from": []
                          },
                          {
                            "name": "GCS_FLAGS_BUCKET",
                            "value": "bqsm-host-bq-snapshot-mgr-flags",
                            "value_from": []
                          },
                          {
                            "name": "IS_DRY_RUN",
                            "value": "false",
                            "value_from": []
                          },
                          {
                            "name": "OUTPUT_TOPIC",
                            "value": "tagger_topic",
                            "value_from": []
                          },
                          {
                            "name": "PROJECT_ID",
                            "value": "bqsm-host",
                            "value_from": []
                          },
                          {
                            "name": "SNAPSHOT_POLICY_JSON",
                            "value": "{\"dataset_overrides\":{\"project1.dataset1\":{\"backup_cron\":\"*****\",\"backup_method\":\"BigQuery Snapshot\",\"backup_time_travel_offset_days\":\"0\",\"bq_snapshot_expiration_days\":\"15\",\"bq_snapshot_storage_dataset\":\"dataset\",\"bq_snapshot_storage_project\":\"project\",\"gcs_snapshot_format\":\"\",\"gcs_snapshot_storage_location\":\"gs://bla/\"},\"project1.dataset2\":{\"backup_cron\":\"*****\",\"backup_method\":\"BigQuery Snapshot\",\"backup_time_travel_offset_days\":\"0\",\"bq_snapshot_expiration_days\":\"15\",\"bq_snapshot_storage_dataset\":\"dataset\",\"bq_snapshot_storage_project\":\"project\",\"gcs_snapshot_format\":\"\",\"gcs_snapshot_storage_location\":\"gs://bla/\"}},\"default_policy\":{\"backup_cron\":\"0 0 1 * *\",\"backup_method\":\"BigQuery Snapshot\",\"backup_time_travel_offset_days\":\"7\",\"bq_snapshot_expiration_days\":\"15\",\"bq_snapshot_storage_dataset\":\"dataset\",\"bq_snapshot_storage_project\":\"project\",\"gcs_snapshot_format\":\"\",\"gcs_snapshot_storage_location\":\"gs://bla/\"},\"folder_overrides\":{\"456209084685\":{\"backup_cron\":\"*****\",\"backup_method\":\"BigQuery Snapshot\",\"backup_time_travel_offset_days\":\"0\",\"bq_snapshot_expiration_days\":\"15\",\"bq_snapshot_storage_dataset\":\"dataset\",\"bq_snapshot_storage_project\":\"project\",\"gcs_snapshot_format\":\"\",\"gcs_snapshot_storage_location\":\"gs://bla/\"}},\"project_overrides\":{\"bqsm-data-1\":{\"backup_cron\":\"0 0 1 * *\",\"backup_method\":\"BigQuery Snapshot\",\"backup_time_travel_offset_days\":\"3\",\"bq_snapshot_expiration_days\":\"15\",\"bq_snapshot_storage_dataset\":\"london_backups\",\"bq_snapshot_storage_project\":\"bqsm-data-1\",\"gcs_snapshot_format\":\"\",\"gcs_snapshot_storage_location\":\"\"},\"bqsm-data-2\":{\"backup_cron\":\"0 0 1 * *\",\"backup_method\":\"BigQuery Snapshot\",\"backup_time_travel_offset_days\":\"0\",\"bq_snapshot_expiration_days\":\"15\",\"bq_snapshot_storage_dataset\":\"europe_backups\",\"bq_snapshot_storage_project\":\"bqsm-data-2\",\"gcs_snapshot_format\":\"\",\"gcs_snapshot_storage_location\":\"\"}},\"table_overrides\":{\"p1.d1.t1\":{\"backup_cron\":\"*****\",\"backup_method\":\"BigQuery Snapshot\",\"backup_time_travel_offset_days\":\"0\",\"bq_snapshot_expiration_days\":\"15\",\"bq_snapshot_storage_dataset\":\"dataset\",\"bq_snapshot_storage_project\":\"project\",\"gcs_snapshot_format\":\"\",\"gcs_snapshot_storage_location\":\"gs://bla/\"},\"p1.d1.t2\":{\"backup_cron\":\"*****\",\"backup_method\":\"BigQuery Snapshot\",\"backup_time_travel_offset_days\":\"0\",\"bq_snapshot_expiration_days\":\"15\",\"bq_snapshot_storage_dataset\":\"dataset\",\"bq_snapshot_storage_project\":\"project\",\"gcs_snapshot_format\":\"\",\"gcs_snapshot_storage_location\":\"gs://bla/\"}}}",
                            "value_from": []
                          },
                          {
                            "name": "TERRAFORM_UPDATED_AT",
                            "value": "2022-10-18-12:52:52",
                            "value_from": []
                          }
                        ],
                        "env_from": [],
                        "image": "europe-west3-docker.pkg.dev/bqsm-host/docker-repo/bqsm-snapshoter-gcs-service:latest",
                        "ports": [
                          {
                            "container_port": 8080,
                            "name": "http1",
                            "protocol": ""
                          }
                        ],
                        "resources": [
                          {
                            "limits": {
                              "cpu": "1",
                              "memory": "1Gi"
                            },
                            "requests": {}
                          }
                        ],
                        "volume_mounts": [],
                        "working_dir": ""
                      }
                    ],
                    "service_account_name": "snapshoter-gcs@bqsm-host.iam.gserviceaccount.com",
                    "serving_state": "",
                    "timeout_seconds": 300,
                    "volumes": []
                  }
                ]
              }
            ],
            "timeouts": null,
            "traffic": [
              {
                "latest_revision": true,
                "percent": 100,
                "revision_name": "",
                "tag": "",
                "url": ""
              }
            ]
          },
          "sensitive_attributes": [],
          "private": "eyJlMmJmYjczMC1lY2FhLTExZTYtOGY4OC0zNDM2M2JjN2M0YzAiOnsiY3JlYXRlIjoxMjAwMDAwMDAwMDAwLCJkZWxldGUiOjEyMDAwMDAwMDAwMDAsInVwZGF0ZSI6MTIwMDAwMDAwMDAwMH0sInNjaGVtYV92ZXJzaW9uIjoiMSJ9",
          "dependencies": [
            "data.google_service_account_access_token.default",
            "module.gcs.google_storage_bucket.gcs_flags_bucket",
            "module.iam.google_service_account.sa_snapshoter_gcs",
            "module.pubsub-tagger.google_pubsub_topic.topic"
          ]
        }
      ]
    },
    {
      "module": "module.cloud-run-snapshoter-gcs",
      "mode": "managed",
      "type": "google_cloud_run_service_iam_member",
      "name": "sa_invoker",
      "provider": "provider[\"registry.terraform.io/hashicorp/google\"]",
      "instances": [
        {
          "schema_version": 0,
          "attributes": {
            "condition": [],
            "etag": "BwXrSvqttnI=",
            "id": "v1/projects/bqsm-host/locations/europe-west3/services/s3-snapshoter-gcs/roles/run.invoker/serviceAccount:snapshoter-gcs-tasks@bqsm-host.iam.gserviceaccount.com",
            "location": "europe-west3",
            "member": "serviceAccount:snapshoter-gcs-tasks@bqsm-host.iam.gserviceaccount.com",
            "project": "bqsm-host",
            "role": "roles/run.invoker",
            "service": "v1/projects/bqsm-host/locations/europe-west3/services/s3-snapshoter-gcs"
          },
          "sensitive_attributes": [],
          "private": "bnVsbA==",
          "dependencies": [
            "data.google_service_account_access_token.default",
            "module.cloud-run-snapshoter-gcs.google_cloud_run_service.service",
            "module.gcs.google_storage_bucket.gcs_flags_bucket",
            "module.iam.google_service_account.sa_snapshoter_gcs",
            "module.iam.google_service_account.sa_snapshoter_gcs_tasks",
            "module.pubsub-tagger.google_pubsub_topic.topic"
          ]
        }
      ]
    },
    {
      "module": "module.cloud-run-tagger",
      "mode": "managed",
      "type": "google_cloud_run_service",
      "name": "service",
      "provider": "provider[\"registry.terraform.io/hashicorp/google\"]",
      "instances": [
        {
          "schema_version": 1,
          "attributes": {
            "autogenerate_revision_name": false,
            "id": "locations/europe-west3/namespaces/bqsm-host/services/s4-tagger",
            "location": "europe-west3",
            "metadata": [
              {
                "annotations": {
                  "run.googleapis.com/ingress": "internal",
                  "run.googleapis.com/ingress-status": "internal",
                  "serving.knative.dev/creator": "bq-snapshot-mgr-terraform@bqsm-host.iam.gserviceaccount.com",
                  "serving.knative.dev/lastModifier": "bq-snapshot-mgr-terraform@bqsm-host.iam.gserviceaccount.com"
                },
                "generation": 7,
                "labels": {
                  "cloud.googleapis.com/location": "europe-west3"
                },
                "namespace": "bqsm-host",
                "resource_version": "AAXrTNY+Uo0",
                "self_link": "/apis/serving.knative.dev/v1/namespaces/752982373840/services/s4-tagger",
                "uid": "13eb303f-d16c-4427-b5ea-d20db14d0f88"
              }
            ],
            "name": "s4-tagger",
            "project": "bqsm-host",
            "status": [
              {
                "conditions": [
                  {
                    "message": "",
                    "reason": "",
                    "status": "True",
                    "type": "Ready"
                  },
                  {
                    "message": "",
                    "reason": "",
                    "status": "True",
                    "type": "ConfigurationsReady"
                  },
                  {
                    "message": "",
                    "reason": "",
                    "status": "True",
                    "type": "RoutesReady"
                  }
                ],
                "latest_created_revision_name": "s4-tagger-k9ktx",
                "latest_ready_revision_name": "s4-tagger-k9ktx",
                "observed_generation": 7,
                "url": "https://s4-tagger-c4swln7zfa-ey.a.run.app"
              }
            ],
            "template": [
              {
                "metadata": [
                  {
                    "annotations": {
                      "autoscaling.knative.dev/maxScale": "10"
                    },
                    "generation": 0,
                    "labels": {},
                    "name": "",
                    "namespace": "",
                    "resource_version": "",
                    "self_link": "",
                    "uid": ""
                  }
                ],
                "spec": [
                  {
                    "container_concurrency": 80,
                    "containers": [
                      {
                        "args": [],
                        "command": [],
                        "env": [
                          {
                            "name": "COMPUTE_REGION_ID",
                            "value": "europe-west3",
                            "value_from": []
                          },
                          {
                            "name": "DATA_REGION_ID",
                            "value": "eu",
                            "value_from": []
                          },
                          {
                            "name": "GCS_FLAGS_BUCKET",
                            "value": "bqsm-host-bq-snapshot-mgr-flags",
                            "value_from": []
                          },
                          {
                            "name": "IS_DRY_RUN",
                            "value": "false",
                            "value_from": []
                          },
                          {
                            "name": "PROJECT_ID",
                            "value": "bqsm-host",
                            "value_from": []
                          },
                          {
                            "name": "TAG_TEMPLATE_ID",
                            "value": "projects/bqsm-host/locations/eu/tagTemplates/bq_backup_manager_template",
                            "value_from": []
                          },
                          {
                            "name": "TERRAFORM_UPDATED_AT",
                            "value": "2022-10-18-12:52:52",
                            "value_from": []
                          }
                        ],
                        "env_from": [],
                        "image": "europe-west3-docker.pkg.dev/bqsm-host/docker-repo/bqsm-tagger-service:latest",
                        "ports": [
                          {
                            "container_port": 8080,
                            "name": "http1",
                            "protocol": ""
                          }
                        ],
                        "resources": [
                          {
                            "limits": {
                              "cpu": "1",
                              "memory": "1Gi"
                            },
                            "requests": {}
                          }
                        ],
                        "volume_mounts": [],
                        "working_dir": ""
                      }
                    ],
                    "service_account_name": "tagger@bqsm-host.iam.gserviceaccount.com",
                    "serving_state": "",
                    "timeout_seconds": 540,
                    "volumes": []
                  }
                ]
              }
            ],
            "timeouts": null,
            "traffic": [
              {
                "latest_revision": true,
                "percent": 100,
                "revision_name": "",
                "tag": "",
                "url": ""
              }
            ]
          },
          "sensitive_attributes": [],
          "private": "eyJlMmJmYjczMC1lY2FhLTExZTYtOGY4OC0zNDM2M2JjN2M0YzAiOnsiY3JlYXRlIjoxMjAwMDAwMDAwMDAwLCJkZWxldGUiOjEyMDAwMDAwMDAwMDAsInVwZGF0ZSI6MTIwMDAwMDAwMDAwMH0sInNjaGVtYV92ZXJzaW9uIjoiMSJ9",
          "dependencies": [
            "data.google_service_account_access_token.default",
            "module.data-catalog.google_data_catalog_tag_template.snapshot_tag_template",
            "module.gcs.google_storage_bucket.gcs_flags_bucket",
            "module.iam.google_service_account.sa_tagger"
          ]
        }
      ]
    },
    {
      "module": "module.cloud-run-tagger",
      "mode": "managed",
      "type": "google_cloud_run_service_iam_member",
      "name": "sa_invoker",
      "provider": "provider[\"registry.terraform.io/hashicorp/google\"]",
      "instances": [
        {
          "schema_version": 0,
          "attributes": {
            "condition": [],
            "etag": "BwXrSwtWCl4=",
            "id": "v1/projects/bqsm-host/locations/europe-west3/services/s4-tagger/roles/run.invoker/serviceAccount:tagger-tasks@bqsm-host.iam.gserviceaccount.com",
            "location": "europe-west3",
            "member": "serviceAccount:tagger-tasks@bqsm-host.iam.gserviceaccount.com",
            "project": "bqsm-host",
            "role": "roles/run.invoker",
            "service": "v1/projects/bqsm-host/locations/europe-west3/services/s4-tagger"
          },
          "sensitive_attributes": [],
          "private": "bnVsbA==",
          "dependencies": [
            "data.google_service_account_access_token.default",
            "module.cloud-run-tagger.google_cloud_run_service.service",
            "module.data-catalog.google_data_catalog_tag_template.snapshot_tag_template",
            "module.gcs.google_storage_bucket.gcs_flags_bucket",
            "module.iam.google_service_account.sa_tagger",
            "module.iam.google_service_account.sa_tagger_tasks"
          ]
        }
      ]
    },
    {
      "module": "module.cloud-scheduler",
      "mode": "managed",
      "type": "google_cloud_scheduler_job",
      "name": "force_run_scheduler_job",
      "provider": "provider[\"registry.terraform.io/hashicorp/google\"]",
      "instances": [
        {
          "schema_version": 0,
          "attributes": {
            "app_engine_http_target": [],
            "attempt_deadline": "",
            "description": "CRON job to force run BigQuery Backup Manager",
            "http_target": [],
            "id": "projects/bqsm-host/locations/europe-west3/jobs/force_run",
            "name": "force_run",
            "paused": false,
            "project": "bqsm-host",
            "pubsub_target": [
              {
                "attributes": {},
                "data": "eyJiaWdRdWVyeVNjb3BlIjp7ImRhdGFzZXRFeGNsdWRlTGlzdCI6W10sImRhdGFzZXRJbmNsdWRlTGlzdCI6W10sImZvbGRlckluY2x1ZGVMaXN0IjpbNDU2MjA5MDg0Njg1XSwicHJvamVjdEV4Y2x1ZGVMaXN0IjpbImJxc20taG9zdCJdLCJwcm9qZWN0SW5jbHVkZUxpc3QiOltdLCJ0YWJsZUV4Y2x1ZGVMaXN0IjpbXSwidGFibGVJbmNsdWRlTGlzdCI6W119LCJpc0ZvcmNlUnVuIjp0cnVlfQ==",
                "topic_name": "projects/bqsm-host/topics/dispatcher_topic"
              }
            ],
            "region": "europe-west3",
            "retry_config": [
              {
                "max_backoff_duration": "3600s",
                "max_doublings": 5,
                "max_retry_duration": "0s",
                "min_backoff_duration": "5s",
                "retry_count": 0
              }
            ],
            "schedule": "0 0 * * *",
            "state": "ENABLED",
            "time_zone": "Etc/UTC",
            "timeouts": null
          },
          "sensitive_attributes": [],
          "private": "eyJlMmJmYjczMC1lY2FhLTExZTYtOGY4OC0zNDM2M2JjN2M0YzAiOnsiY3JlYXRlIjoxMjAwMDAwMDAwMDAwLCJkZWxldGUiOjEyMDAwMDAwMDAwMDAsInVwZGF0ZSI6MTIwMDAwMDAwMDAwMH19",
          "dependencies": [
            "data.google_service_account_access_token.default",
            "module.pubsub-dispatcher.google_pubsub_topic.topic"
          ]
        }
      ]
    },
    {
      "module": "module.cloud-scheduler",
      "mode": "managed",
      "type": "google_cloud_scheduler_job",
      "name": "scheduler_job",
      "provider": "provider[\"registry.terraform.io/hashicorp/google\"]",
      "instances": [
        {
          "schema_version": 0,
          "attributes": {
            "app_engine_http_target": [],
            "attempt_deadline": "",
            "description": "CRON job to trigger BigQuery Backup Manager",
            "http_target": [],
            "id": "projects/bqsm-host/locations/europe-west3/jobs/heart_beat",
            "name": "heart_beat",
            "paused": false,
            "project": "bqsm-host",
            "pubsub_target": [
              {
                "attributes": {},
                "data": "eyJiaWdRdWVyeVNjb3BlIjp7ImRhdGFzZXRFeGNsdWRlTGlzdCI6W10sImRhdGFzZXRJbmNsdWRlTGlzdCI6W10sImZvbGRlckluY2x1ZGVMaXN0IjpbNDU2MjA5MDg0Njg1XSwicHJvamVjdEV4Y2x1ZGVMaXN0IjpbImJxc20taG9zdCJdLCJwcm9qZWN0SW5jbHVkZUxpc3QiOltdLCJ0YWJsZUV4Y2x1ZGVMaXN0IjpbXSwidGFibGVJbmNsdWRlTGlzdCI6W119LCJpc0ZvcmNlUnVuIjpmYWxzZX0=",
                "topic_name": "projects/bqsm-host/topics/dispatcher_topic"
              }
            ],
            "region": "europe-west3",
            "retry_config": [
              {
                "max_backoff_duration": "3600s",
                "max_doublings": 5,
                "max_retry_duration": "0s",
                "min_backoff_duration": "5s",
                "retry_count": 0
              }
            ],
            "schedule": "0 0 * * *",
            "state": "ENABLED",
            "time_zone": "Etc/UTC",
            "timeouts": null
          },
          "sensitive_attributes": [],
          "private": "eyJlMmJmYjczMC1lY2FhLTExZTYtOGY4OC0zNDM2M2JjN2M0YzAiOnsiY3JlYXRlIjoxMjAwMDAwMDAwMDAwLCJkZWxldGUiOjEyMDAwMDAwMDAwMDAsInVwZGF0ZSI6MTIwMDAwMDAwMDAwMH19",
          "dependencies": [
            "data.google_service_account_access_token.default",
            "module.pubsub-dispatcher.google_pubsub_topic.topic"
          ]
        }
      ]
    },
    {
      "module": "module.cloud_logging",
      "mode": "managed",
      "type": "google_logging_project_sink",
      "name": "bigquery-logging-sink",
      "provider": "provider[\"registry.terraform.io/hashicorp/google\"]",
      "instances": [
        {
          "schema_version": 0,
          "attributes": {
            "bigquery_options": [
              {
                "use_partitioned_tables": true
              }
            ],
            "description": "",
            "destination": "bigquery.googleapis.com/projects/bqsm-host/datasets/bq_snapshot_manager",
            "disabled": false,
            "exclusions": [],
            "filter": "resource.type=cloud_run_revision jsonPayload.global_app=bq-snapshot-manager",
            "id": "projects/bqsm-host/sinks/sc_bigquery_log_sink",
            "name": "sc_bigquery_log_sink",
            "project": "bqsm-host",
            "unique_writer_identity": true,
            "writer_identity": "serviceAccount:p752982373840-744208@gcp-sa-logging.iam.gserviceaccount.com"
          },
          "sensitive_attributes": [],
          "private": "bnVsbA==",
          "dependencies": [
            "data.google_service_account_access_token.default",
            "module.bigquery.google_bigquery_dataset.results_dataset"
          ]
        }
      ]
    },
    {
      "module": "module.data-catalog",
      "mode": "managed",
      "type": "google_data_catalog_tag_template",
      "name": "snapshot_tag_template",
      "provider": "provider[\"registry.terraform.io/hashicorp/google\"]",
      "instances": [
        {
          "schema_version": 0,
          "attributes": {
            "display_name": "BigQuery Backup Manager",
            "fields": [
              {
                "description": "",
                "display_name": "BigQuery - Dataset where the snapshot is stored",
                "field_id": "bq_snapshot_storage_dataset",
                "is_required": false,
                "name": "projects/bqsm-host/locations/eu/tagTemplates/bq_backup_manager_template/fields/bq_snapshot_storage_dataset",
                "order": 6,
                "type": [
                  {
                    "enum_type": [],
                    "primitive_type": "STRING"
                  }
                ]
              },
              {
                "description": "",
                "display_name": "BigQuery - Project where the snapshot is stored",
                "field_id": "bq_snapshot_storage_project",
                "is_required": false,
                "name": "projects/bqsm-host/locations/eu/tagTemplates/bq_backup_manager_template/fields/bq_snapshot_storage_project",
                "order": 5,
                "type": [
                  {
                    "enum_type": [],
                    "primitive_type": "STRING"
                  }
                ]
              },
              {
                "description": "",
                "display_name": "BigQuery - Snapshot retention period in days",
                "field_id": "bq_snapshot_expiration_days",
                "is_required": false,
                "name": "projects/bqsm-host/locations/eu/tagTemplates/bq_backup_manager_template/fields/bq_snapshot_expiration_days",
                "order": 7,
                "type": [
                  {
                    "enum_type": [],
                    "primitive_type": "DOUBLE"
                  }
                ]
              },
              {
                "description": "",
                "display_name": "Configuration Source",
                "field_id": "config_source",
                "is_required": false,
                "name": "projects/bqsm-host/locations/eu/tagTemplates/bq_backup_manager_template/fields/config_source",
                "order": 1,
                "type": [
                  {
                    "enum_type": [
                      {
                        "allowed_values": [
                          {
                            "display_name": "MANUAL"
                          },
                          {
                            "display_name": "SYSTEM"
                          }
                        ]
                      }
                    ],
                    "primitive_type": ""
                  }
                ]
              },
              {
                "description": "",
                "display_name": "Cron expression for backup frequency",
                "field_id": "backup_cron",
                "is_required": true,
                "name": "projects/bqsm-host/locations/eu/tagTemplates/bq_backup_manager_template/fields/backup_cron",
                "order": 2,
                "type": [
                  {
                    "enum_type": [],
                    "primitive_type": "STRING"
                  }
                ]
              },
              {
                "description": "",
                "display_name": "GCS - Export format and compression",
                "field_id": "gcs_snapshot_format",
                "is_required": false,
                "name": "projects/bqsm-host/locations/eu/tagTemplates/bq_backup_manager_template/fields/gcs_snapshot_format",
                "order": 9,
                "type": [
                  {
                    "enum_type": [
                      {
                        "allowed_values": [
                          {
                            "display_name": "AVRO"
                          },
                          {
                            "display_name": "AVRO_DEFLATE"
                          },
                          {
                            "display_name": "AVRO_SNAPPY"
                          },
                          {
                            "display_name": "CSV"
                          },
                          {
                            "display_name": "CSV_GZIP"
                          },
                          {
                            "display_name": "JSON"
                          },
                          {
                            "display_name": "JSON_GZIP"
                          },
                          {
                            "display_name": "PARQUET"
                          },
                          {
                            "display_name": "PARQUET_GZIP"
                          },
                          {
                            "display_name": "PARQUET_SNAPPY"
                          }
                        ]
                      }
                    ],
                    "primitive_type": ""
                  }
                ]
              },
              {
                "description": "",
                "display_name": "GCS - Parent path to store all table snapshots",
                "field_id": "gcs_snapshot_storage_location",
                "is_required": false,
                "name": "projects/bqsm-host/locations/eu/tagTemplates/bq_backup_manager_template/fields/gcs_snapshot_storage_location",
                "order": 8,
                "type": [
                  {
                    "enum_type": [],
                    "primitive_type": "STRING"
                  }
                ]
              },
              {
                "description": "",
                "display_name": "How to backup this table",
                "field_id": "backup_method",
                "is_required": true,
                "name": "projects/bqsm-host/locations/eu/tagTemplates/bq_backup_manager_template/fields/backup_method",
                "order": 4,
                "type": [
                  {
                    "enum_type": [
                      {
                        "allowed_values": [
                          {
                            "display_name": "BigQuery Snapshot"
                          },
                          {
                            "display_name": "Both"
                          },
                          {
                            "display_name": "GCS Snapshot"
                          }
                        ]
                      }
                    ],
                    "primitive_type": ""
                  }
                ]
              },
              {
                "description": "",
                "display_name": "Number of days in the past where the backup is taken relative to NOW",
                "field_id": "backup_time_travel_offset_days",
                "is_required": true,
                "name": "projects/bqsm-host/locations/eu/tagTemplates/bq_backup_manager_template/fields/backup_time_travel_offset_days",
                "order": 3,
                "type": [
                  {
                    "enum_type": [
                      {
                        "allowed_values": [
                          {
                            "display_name": "0"
                          },
                          {
                            "display_name": "1"
                          },
                          {
                            "display_name": "2"
                          },
                          {
                            "display_name": "3"
                          },
                          {
                            "display_name": "4"
                          },
                          {
                            "display_name": "5"
                          },
                          {
                            "display_name": "6"
                          },
                          {
                            "display_name": "7"
                          }
                        ]
                      }
                    ],
                    "primitive_type": ""
                  }
                ]
              },
              {
                "description": "",
                "display_name": "Read-Only - Last BQ snapshot location",
                "field_id": "last_bq_snapshot_storage_uri",
                "is_required": false,
                "name": "projects/bqsm-host/locations/eu/tagTemplates/bq_backup_manager_template/fields/last_bq_snapshot_storage_uri",
                "order": 12,
                "type": [
                  {
                    "enum_type": [],
                    "primitive_type": "STRING"
                  }
                ]
              },
              {
                "description": "",
                "display_name": "Read-Only - Last GCS snapshot location",
                "field_id": "last_gcs_snapshot_storage_uri",
                "is_required": false,
                "name": "projects/bqsm-host/locations/eu/tagTemplates/bq_backup_manager_template/fields/last_gcs_snapshot_storage_uri",
                "order": 11,
                "type": [
                  {
                    "enum_type": [],
                    "primitive_type": "STRING"
                  }
                ]
              },
              {
                "description": "",
                "display_name": "Read-Only - Timestamp of the latest backup taken",
                "field_id": "last_backup_at",
                "is_required": false,
                "name": "projects/bqsm-host/locations/eu/tagTemplates/bq_backup_manager_template/fields/last_backup_at",
                "order": 10,
                "type": [
                  {
                    "enum_type": [],
                    "primitive_type": "TIMESTAMP"
                  }
                ]
              }
            ],
            "force_delete": true,
            "id": "projects/bqsm-host/locations/eu/tagTemplates/bq_backup_manager_template",
            "name": "projects/bqsm-host/locations/eu/tagTemplates/bq_backup_manager_template",
            "project": "bqsm-host",
            "region": "eu",
            "tag_template_id": "bq_backup_manager_template",
            "timeouts": null
          },
          "sensitive_attributes": [],
          "private": "eyJlMmJmYjczMC1lY2FhLTExZTYtOGY4OC0zNDM2M2JjN2M0YzAiOnsiY3JlYXRlIjoxMjAwMDAwMDAwMDAwLCJkZWxldGUiOjEyMDAwMDAwMDAwMDAsInVwZGF0ZSI6MTIwMDAwMDAwMDAwMH19",
          "dependencies": [
            "data.google_service_account_access_token.default"
          ]
        }
      ]
    },
    {
      "module": "module.data-catalog",
      "mode": "managed",
      "type": "google_data_catalog_tag_template_iam_member",
      "name": "tag_template_user",
      "provider": "provider[\"registry.terraform.io/hashicorp/google\"]",
      "instances": [
        {
          "index_key": 0,
          "schema_version": 0,
          "attributes": {
            "condition": [],
            "etag": "BwXrTNUfEbY=",
            "id": "projects/bqsm-host/locations/eu/tagTemplates/bq_backup_manager_template/roles/datacatalog.tagTemplateUser/serviceAccount:tagger@bqsm-host.iam.gserviceaccount.com",
            "member": "serviceAccount:tagger@bqsm-host.iam.gserviceaccount.com",
            "project": "bqsm-host",
            "region": "eu",
            "role": "roles/datacatalog.tagTemplateUser",
            "tag_template": "projects/bqsm-host/locations/eu/tagTemplates/bq_backup_manager_template"
          },
          "sensitive_attributes": [],
          "private": "bnVsbA==",
          "dependencies": [
            "data.google_service_account_access_token.default",
            "module.data-catalog.google_data_catalog_tag_template.snapshot_tag_template",
            "module.iam.google_service_account.sa_tagger"
          ]
        }
      ]
    },
    {
      "module": "module.gcs",
      "mode": "managed",
      "type": "google_storage_bucket",
      "name": "gcs_flags_bucket",
      "provider": "provider[\"registry.terraform.io/hashicorp/google\"]",
      "instances": [
        {
          "schema_version": 0,
          "attributes": {
            "cors": [],
            "custom_placement_config": [],
            "default_event_based_hold": false,
            "encryption": [],
            "force_destroy": false,
            "id": "bqsm-host-bq-snapshot-mgr-flags",
            "labels": {},
            "lifecycle_rule": [
              {
                "action": [
                  {
                    "storage_class": "",
                    "type": "Delete"
                  }
                ],
                "condition": [
                  {
                    "age": 3,
                    "created_before": "",
                    "custom_time_before": "",
                    "days_since_custom_time": 0,
                    "days_since_noncurrent_time": 0,
                    "matches_prefix": [],
                    "matches_storage_class": [],
                    "matches_suffix": [],
                    "noncurrent_time_before": "",
                    "num_newer_versions": 0,
                    "with_state": "ANY"
                  }
                ]
              }
            ],
            "location": "EUROPE-WEST3",
            "logging": [],
            "name": "bqsm-host-bq-snapshot-mgr-flags",
            "project": "bqsm-host",
            "requester_pays": false,
            "retention_policy": [],
            "self_link": "https://www.googleapis.com/storage/v1/b/bqsm-host-bq-snapshot-mgr-flags",
            "storage_class": "STANDARD",
            "timeouts": null,
            "uniform_bucket_level_access": true,
            "url": "gs://bqsm-host-bq-snapshot-mgr-flags",
            "versioning": [],
            "website": []
          },
          "sensitive_attributes": [],
          "private": "eyJlMmJmYjczMC1lY2FhLTExZTYtOGY4OC0zNDM2M2JjN2M0YzAiOnsiY3JlYXRlIjoyNDAwMDAwMDAwMDAsInJlYWQiOjI0MDAwMDAwMDAwMCwidXBkYXRlIjoyNDAwMDAwMDAwMDB9fQ==",
          "dependencies": [
            "data.google_service_account_access_token.default"
          ]
        }
      ]
    },
    {
      "module": "module.gcs",
      "mode": "managed",
      "type": "google_storage_bucket_iam_binding",
      "name": "gcs_flags_bucket_iam_bindings",
      "provider": "provider[\"registry.terraform.io/hashicorp/google\"]",
      "instances": [
        {
          "schema_version": 0,
          "attributes": {
            "bucket": "b/bqsm-host-bq-snapshot-mgr-flags",
            "condition": [],
            "etag": "CAI=",
            "id": "b/bqsm-host-bq-snapshot-mgr-flags/roles/storage.objectAdmin",
            "members": [
              "serviceAccount:configurator@bqsm-host.iam.gserviceaccount.com",
              "serviceAccount:dispatcher@bqsm-host.iam.gserviceaccount.com",
              "serviceAccount:snapshoter-bq@bqsm-host.iam.gserviceaccount.com",
              "serviceAccount:snapshoter-gcs@bqsm-host.iam.gserviceaccount.com",
              "serviceAccount:tagger@bqsm-host.iam.gserviceaccount.com"
            ],
            "role": "roles/storage.objectAdmin"
          },
          "sensitive_attributes": [],
          "private": "bnVsbA==",
          "dependencies": [
            "data.google_service_account_access_token.default",
            "module.gcs.google_storage_bucket.gcs_flags_bucket",
            "module.iam.google_service_account.sa_configurator",
            "module.iam.google_service_account.sa_dispatcher",
            "module.iam.google_service_account.sa_snapshoter_bq",
            "module.iam.google_service_account.sa_snapshoter_gcs",
            "module.iam.google_service_account.sa_tagger"
          ]
        }
      ]
    },
    {
      "module": "module.iam",
      "mode": "managed",
      "type": "google_project_iam_member",
      "name": "sa_configurator_datacatalog_viewer",
      "provider": "provider[\"registry.terraform.io/hashicorp/google\"]",
      "instances": [
        {
          "schema_version": 0,
          "attributes": {
            "condition": [],
            "etag": "BwXrTNVW5PA=",
            "id": "bqsm-host/roles/datacatalog.viewer/serviceAccount:configurator@bqsm-host.iam.gserviceaccount.com",
            "member": "serviceAccount:configurator@bqsm-host.iam.gserviceaccount.com",
            "project": "bqsm-host",
            "role": "roles/datacatalog.viewer"
          },
          "sensitive_attributes": [],
          "private": "bnVsbA==",
          "dependencies": [
            "data.google_service_account_access_token.default",
            "module.iam.google_service_account.sa_configurator"
          ]
        }
      ]
    },
    {
      "module": "module.iam",
      "mode": "managed",
      "type": "google_project_iam_member",
      "name": "sa_tagger_datacatalog_viewer",
      "provider": "provider[\"registry.terraform.io/hashicorp/google\"]",
      "instances": [
        {
          "schema_version": 0,
          "attributes": {
            "condition": [],
            "etag": "BwXrTNVW5PA=",
            "id": "bqsm-host/roles/datacatalog.viewer/serviceAccount:tagger@bqsm-host.iam.gserviceaccount.com",
            "member": "serviceAccount:tagger@bqsm-host.iam.gserviceaccount.com",
            "project": "bqsm-host",
            "role": "roles/datacatalog.viewer"
          },
          "sensitive_attributes": [],
          "private": "bnVsbA==",
          "dependencies": [
            "data.google_service_account_access_token.default",
            "module.iam.google_service_account.sa_tagger"
          ]
        }
      ]
    },
    {
      "module": "module.iam",
      "mode": "managed",
      "type": "google_service_account",
      "name": "sa_configurator",
      "provider": "provider[\"registry.terraform.io/hashicorp/google\"]",
      "instances": [
        {
          "schema_version": 0,
          "attributes": {
            "account_id": "configurator",
            "description": "",
            "disabled": false,
            "display_name": "Runtime SA for configurator service",
            "email": "configurator@bqsm-host.iam.gserviceaccount.com",
            "id": "projects/bqsm-host/serviceAccounts/configurator@bqsm-host.iam.gserviceaccount.com",
            "name": "projects/bqsm-host/serviceAccounts/configurator@bqsm-host.iam.gserviceaccount.com",
            "project": "bqsm-host",
            "timeouts": null,
            "unique_id": "112983659936142653565"
          },
          "sensitive_attributes": [],
          "private": "eyJlMmJmYjczMC1lY2FhLTExZTYtOGY4OC0zNDM2M2JjN2M0YzAiOnsiY3JlYXRlIjozMDAwMDAwMDAwMDB9fQ==",
          "dependencies": [
            "data.google_service_account_access_token.default"
          ]
        }
      ]
    },
    {
      "module": "module.iam",
      "mode": "managed",
      "type": "google_service_account",
      "name": "sa_configurator_tasks",
      "provider": "provider[\"registry.terraform.io/hashicorp/google\"]",
      "instances": [
        {
          "schema_version": 0,
          "attributes": {
            "account_id": "configurator-tasks",
            "description": "",
            "disabled": false,
            "display_name": "To authorize PubSub Push requests to configurator Service",
            "email": "configurator-tasks@bqsm-host.iam.gserviceaccount.com",
            "id": "projects/bqsm-host/serviceAccounts/configurator-tasks@bqsm-host.iam.gserviceaccount.com",
            "name": "projects/bqsm-host/serviceAccounts/configurator-tasks@bqsm-host.iam.gserviceaccount.com",
            "project": "bqsm-host",
            "timeouts": null,
            "unique_id": "107898131328268485130"
          },
          "sensitive_attributes": [],
          "private": "eyJlMmJmYjczMC1lY2FhLTExZTYtOGY4OC0zNDM2M2JjN2M0YzAiOnsiY3JlYXRlIjozMDAwMDAwMDAwMDB9fQ==",
          "dependencies": [
            "data.google_service_account_access_token.default"
          ]
        }
      ]
    },
    {
      "module": "module.iam",
      "mode": "managed",
      "type": "google_service_account",
      "name": "sa_dispatcher",
      "provider": "provider[\"registry.terraform.io/hashicorp/google\"]",
      "instances": [
        {
          "schema_version": 0,
          "attributes": {
            "account_id": "dispatcher",
            "description": "",
            "disabled": false,
            "display_name": "Runtime SA for Dispatcher service",
            "email": "dispatcher@bqsm-host.iam.gserviceaccount.com",
            "id": "projects/bqsm-host/serviceAccounts/dispatcher@bqsm-host.iam.gserviceaccount.com",
            "name": "projects/bqsm-host/serviceAccounts/dispatcher@bqsm-host.iam.gserviceaccount.com",
            "project": "bqsm-host",
            "timeouts": null,
            "unique_id": "114825442920979459318"
          },
          "sensitive_attributes": [],
          "private": "eyJlMmJmYjczMC1lY2FhLTExZTYtOGY4OC0zNDM2M2JjN2M0YzAiOnsiY3JlYXRlIjozMDAwMDAwMDAwMDB9fQ==",
          "dependencies": [
            "data.google_service_account_access_token.default"
          ]
        }
      ]
    },
    {
      "module": "module.iam",
      "mode": "managed",
      "type": "google_service_account",
      "name": "sa_dispatcher_tasks",
      "provider": "provider[\"registry.terraform.io/hashicorp/google\"]",
      "instances": [
        {
          "schema_version": 0,
          "attributes": {
            "account_id": "dispatcher-tasks",
            "description": "",
            "disabled": false,
            "display_name": "To authorize PubSub Push requests to Tagging Dispatcher Service",
            "email": "dispatcher-tasks@bqsm-host.iam.gserviceaccount.com",
            "id": "projects/bqsm-host/serviceAccounts/dispatcher-tasks@bqsm-host.iam.gserviceaccount.com",
            "name": "projects/bqsm-host/serviceAccounts/dispatcher-tasks@bqsm-host.iam.gserviceaccount.com",
            "project": "bqsm-host",
            "timeouts": null,
            "unique_id": "104059393456950703593"
          },
          "sensitive_attributes": [],
          "private": "eyJlMmJmYjczMC1lY2FhLTExZTYtOGY4OC0zNDM2M2JjN2M0YzAiOnsiY3JlYXRlIjozMDAwMDAwMDAwMDB9fQ==",
          "dependencies": [
            "data.google_service_account_access_token.default"
          ]
        }
      ]
    },
    {
      "module": "module.iam",
      "mode": "managed",
      "type": "google_service_account",
      "name": "sa_snapshoter_bq",
      "provider": "provider[\"registry.terraform.io/hashicorp/google\"]",
      "instances": [
        {
          "schema_version": 0,
          "attributes": {
            "account_id": "snapshoter-bq",
            "description": "",
            "disabled": false,
            "display_name": "Runtime SA for BQ Snapshoter service",
            "email": "snapshoter-bq@bqsm-host.iam.gserviceaccount.com",
            "id": "projects/bqsm-host/serviceAccounts/snapshoter-bq@bqsm-host.iam.gserviceaccount.com",
            "name": "projects/bqsm-host/serviceAccounts/snapshoter-bq@bqsm-host.iam.gserviceaccount.com",
            "project": "bqsm-host",
            "timeouts": null,
            "unique_id": "105490531450505375265"
          },
          "sensitive_attributes": [],
          "private": "eyJlMmJmYjczMC1lY2FhLTExZTYtOGY4OC0zNDM2M2JjN2M0YzAiOnsiY3JlYXRlIjozMDAwMDAwMDAwMDB9fQ==",
          "dependencies": [
            "data.google_service_account_access_token.default"
          ]
        }
      ]
    },
    {
      "module": "module.iam",
      "mode": "managed",
      "type": "google_service_account",
      "name": "sa_snapshoter_bq_tasks",
      "provider": "provider[\"registry.terraform.io/hashicorp/google\"]",
      "instances": [
        {
          "schema_version": 0,
          "attributes": {
            "account_id": "snapshoter-bq-tasks",
            "description": "",
            "disabled": false,
            "display_name": "To authorize PubSub Push requests to BQ Snapshoter Service",
            "email": "snapshoter-bq-tasks@bqsm-host.iam.gserviceaccount.com",
            "id": "projects/bqsm-host/serviceAccounts/snapshoter-bq-tasks@bqsm-host.iam.gserviceaccount.com",
            "name": "projects/bqsm-host/serviceAccounts/snapshoter-bq-tasks@bqsm-host.iam.gserviceaccount.com",
            "project": "bqsm-host",
            "timeouts": null,
            "unique_id": "107700989615104173980"
          },
          "sensitive_attributes": [],
          "private": "eyJlMmJmYjczMC1lY2FhLTExZTYtOGY4OC0zNDM2M2JjN2M0YzAiOnsiY3JlYXRlIjozMDAwMDAwMDAwMDB9fQ==",
          "dependencies": [
            "data.google_service_account_access_token.default"
          ]
        }
      ]
    },
    {
      "module": "module.iam",
      "mode": "managed",
      "type": "google_service_account",
      "name": "sa_snapshoter_gcs",
      "provider": "provider[\"registry.terraform.io/hashicorp/google\"]",
      "instances": [
        {
          "schema_version": 0,
          "attributes": {
            "account_id": "snapshoter-gcs",
            "description": "",
            "disabled": false,
            "display_name": "Runtime SA for GCS Snapshoter service",
            "email": "snapshoter-gcs@bqsm-host.iam.gserviceaccount.com",
            "id": "projects/bqsm-host/serviceAccounts/snapshoter-gcs@bqsm-host.iam.gserviceaccount.com",
            "name": "projects/bqsm-host/serviceAccounts/snapshoter-gcs@bqsm-host.iam.gserviceaccount.com",
            "project": "bqsm-host",
            "timeouts": null,
            "unique_id": "100206607933929316783"
          },
          "sensitive_attributes": [],
          "private": "eyJlMmJmYjczMC1lY2FhLTExZTYtOGY4OC0zNDM2M2JjN2M0YzAiOnsiY3JlYXRlIjozMDAwMDAwMDAwMDB9fQ==",
          "dependencies": [
            "data.google_service_account_access_token.default"
          ]
        }
      ]
    },
    {
      "module": "module.iam",
      "mode": "managed",
      "type": "google_service_account",
      "name": "sa_snapshoter_gcs_tasks",
      "provider": "provider[\"registry.terraform.io/hashicorp/google\"]",
      "instances": [
        {
          "schema_version": 0,
          "attributes": {
            "account_id": "snapshoter-gcs-tasks",
            "description": "",
            "disabled": false,
            "display_name": "To authorize PubSub Push requests to GCS Snapshoter Service",
            "email": "snapshoter-gcs-tasks@bqsm-host.iam.gserviceaccount.com",
            "id": "projects/bqsm-host/serviceAccounts/snapshoter-gcs-tasks@bqsm-host.iam.gserviceaccount.com",
            "name": "projects/bqsm-host/serviceAccounts/snapshoter-gcs-tasks@bqsm-host.iam.gserviceaccount.com",
            "project": "bqsm-host",
            "timeouts": null,
            "unique_id": "116036897082907844610"
          },
          "sensitive_attributes": [],
          "private": "eyJlMmJmYjczMC1lY2FhLTExZTYtOGY4OC0zNDM2M2JjN2M0YzAiOnsiY3JlYXRlIjozMDAwMDAwMDAwMDB9fQ==",
          "dependencies": [
            "data.google_service_account_access_token.default"
          ]
        }
      ]
    },
    {
      "module": "module.iam",
      "mode": "managed",
      "type": "google_service_account",
      "name": "sa_tagger",
      "provider": "provider[\"registry.terraform.io/hashicorp/google\"]",
      "instances": [
        {
          "schema_version": 0,
          "attributes": {
            "account_id": "tagger",
            "description": "",
            "disabled": false,
            "display_name": "Runtime SA for Tagger service",
            "email": "tagger@bqsm-host.iam.gserviceaccount.com",
            "id": "projects/bqsm-host/serviceAccounts/tagger@bqsm-host.iam.gserviceaccount.com",
            "name": "projects/bqsm-host/serviceAccounts/tagger@bqsm-host.iam.gserviceaccount.com",
            "project": "bqsm-host",
            "timeouts": null,
            "unique_id": "102705704439046799011"
          },
          "sensitive_attributes": [],
          "private": "eyJlMmJmYjczMC1lY2FhLTExZTYtOGY4OC0zNDM2M2JjN2M0YzAiOnsiY3JlYXRlIjozMDAwMDAwMDAwMDB9fQ==",
          "dependencies": [
            "data.google_service_account_access_token.default"
          ]
        }
      ]
    },
    {
      "module": "module.iam",
      "mode": "managed",
      "type": "google_service_account",
      "name": "sa_tagger_tasks",
      "provider": "provider[\"registry.terraform.io/hashicorp/google\"]",
      "instances": [
        {
          "schema_version": 0,
          "attributes": {
            "account_id": "tagger-tasks",
            "description": "",
            "disabled": false,
            "display_name": "To authorize PubSub Push requests to Tagger Service",
            "email": "tagger-tasks@bqsm-host.iam.gserviceaccount.com",
            "id": "projects/bqsm-host/serviceAccounts/tagger-tasks@bqsm-host.iam.gserviceaccount.com",
            "name": "projects/bqsm-host/serviceAccounts/tagger-tasks@bqsm-host.iam.gserviceaccount.com",
            "project": "bqsm-host",
            "timeouts": null,
            "unique_id": "106685180668533606398"
          },
          "sensitive_attributes": [],
          "private": "eyJlMmJmYjczMC1lY2FhLTExZTYtOGY4OC0zNDM2M2JjN2M0YzAiOnsiY3JlYXRlIjozMDAwMDAwMDAwMDB9fQ==",
          "dependencies": [
            "data.google_service_account_access_token.default"
          ]
        }
      ]
    },
    {
      "module": "module.iam",
      "mode": "managed",
      "type": "google_service_account_iam_member",
      "name": "sa_configurator_account_user_sa_configurator_tasks",
      "provider": "provider[\"registry.terraform.io/hashicorp/google\"]",
      "instances": [
        {
          "schema_version": 0,
          "attributes": {
            "condition": [],
            "etag": "BwXrSvMpllw=",
            "id": "projects/bqsm-host/serviceAccounts/configurator@bqsm-host.iam.gserviceaccount.com/roles/iam.serviceAccountUser/serviceAccount:configurator-tasks@bqsm-host.iam.gserviceaccount.com",
            "member": "serviceAccount:configurator-tasks@bqsm-host.iam.gserviceaccount.com",
            "role": "roles/iam.serviceAccountUser",
            "service_account_id": "projects/bqsm-host/serviceAccounts/configurator@bqsm-host.iam.gserviceaccount.com"
          },
          "sensitive_attributes": [],
          "private": "bnVsbA==",
          "dependencies": [
            "data.google_service_account_access_token.default",
            "module.iam.google_service_account.sa_configurator",
            "module.iam.google_service_account.sa_configurator_tasks"
          ]
        }
      ]
    },
    {
      "module": "module.iam",
      "mode": "managed",
      "type": "google_service_account_iam_member",
      "name": "sa_dispatcher_account_user_sa_dispatcher_tasks",
      "provider": "provider[\"registry.terraform.io/hashicorp/google\"]",
      "instances": [
        {
          "schema_version": 0,
          "attributes": {
            "condition": [],
            "etag": "BwXrSvMlDzI=",
            "id": "projects/bqsm-host/serviceAccounts/dispatcher@bqsm-host.iam.gserviceaccount.com/roles/iam.serviceAccountUser/serviceAccount:dispatcher-tasks@bqsm-host.iam.gserviceaccount.com",
            "member": "serviceAccount:dispatcher-tasks@bqsm-host.iam.gserviceaccount.com",
            "role": "roles/iam.serviceAccountUser",
            "service_account_id": "projects/bqsm-host/serviceAccounts/dispatcher@bqsm-host.iam.gserviceaccount.com"
          },
          "sensitive_attributes": [],
          "private": "bnVsbA==",
          "dependencies": [
            "data.google_service_account_access_token.default",
            "module.iam.google_service_account.sa_dispatcher",
            "module.iam.google_service_account.sa_dispatcher_tasks"
          ]
        }
      ]
    },
    {
      "module": "module.iam",
      "mode": "managed",
      "type": "google_service_account_iam_member",
      "name": "sa_snapshoter_bq_account_user_sa_inspector_tasks",
      "provider": "provider[\"registry.terraform.io/hashicorp/google\"]",
      "instances": [
        {
          "schema_version": 0,
          "attributes": {
            "condition": [],
            "etag": "BwXrSvNjOyw=",
            "id": "projects/bqsm-host/serviceAccounts/snapshoter-bq@bqsm-host.iam.gserviceaccount.com/roles/iam.serviceAccountUser/serviceAccount:snapshoter-bq-tasks@bqsm-host.iam.gserviceaccount.com",
            "member": "serviceAccount:snapshoter-bq-tasks@bqsm-host.iam.gserviceaccount.com",
            "role": "roles/iam.serviceAccountUser",
            "service_account_id": "projects/bqsm-host/serviceAccounts/snapshoter-bq@bqsm-host.iam.gserviceaccount.com"
          },
          "sensitive_attributes": [],
          "private": "bnVsbA==",
          "dependencies": [
            "data.google_service_account_access_token.default",
            "module.iam.google_service_account.sa_snapshoter_bq",
            "module.iam.google_service_account.sa_snapshoter_bq_tasks"
          ]
        }
      ]
    },
    {
      "module": "module.iam",
      "mode": "managed",
      "type": "google_service_account_iam_member",
      "name": "sa_snapshoter_gcs_account_user_sa_inspector_tasks",
      "provider": "provider[\"registry.terraform.io/hashicorp/google\"]",
      "instances": [
        {
          "schema_version": 0,
          "attributes": {
            "condition": [],
            "etag": "BwXrSvMjYxI=",
            "id": "projects/bqsm-host/serviceAccounts/snapshoter-gcs@bqsm-host.iam.gserviceaccount.com/roles/iam.serviceAccountUser/serviceAccount:snapshoter-gcs-tasks@bqsm-host.iam.gserviceaccount.com",
            "member": "serviceAccount:snapshoter-gcs-tasks@bqsm-host.iam.gserviceaccount.com",
            "role": "roles/iam.serviceAccountUser",
            "service_account_id": "projects/bqsm-host/serviceAccounts/snapshoter-gcs@bqsm-host.iam.gserviceaccount.com"
          },
          "sensitive_attributes": [],
          "private": "bnVsbA==",
          "dependencies": [
            "data.google_service_account_access_token.default",
            "module.iam.google_service_account.sa_snapshoter_gcs",
            "module.iam.google_service_account.sa_snapshoter_gcs_tasks"
          ]
        }
      ]
    },
    {
      "module": "module.iam",
      "mode": "managed",
      "type": "google_service_account_iam_member",
      "name": "sa_tagger_account_user_sa_tagger_tasks",
      "provider": "provider[\"registry.terraform.io/hashicorp/google\"]",
      "instances": [
        {
          "schema_version": 0,
          "attributes": {
            "condition": [],
            "etag": "BwXrSvMk/nY=",
            "id": "projects/bqsm-host/serviceAccounts/tagger@bqsm-host.iam.gserviceaccount.com/roles/iam.serviceAccountUser/serviceAccount:tagger-tasks@bqsm-host.iam.gserviceaccount.com",
            "member": "serviceAccount:tagger-tasks@bqsm-host.iam.gserviceaccount.com",
            "role": "roles/iam.serviceAccountUser",
            "service_account_id": "projects/bqsm-host/serviceAccounts/tagger@bqsm-host.iam.gserviceaccount.com"
          },
          "sensitive_attributes": [],
          "private": "bnVsbA==",
          "dependencies": [
            "data.google_service_account_access_token.default",
            "module.iam.google_service_account.sa_tagger",
            "module.iam.google_service_account.sa_tagger_tasks"
          ]
        }
      ]
    },
    {
      "module": "module.pubsub-configurator",
      "mode": "managed",
      "type": "google_pubsub_subscription",
      "name": "subscription",
      "provider": "provider[\"registry.terraform.io/hashicorp/google\"]",
      "instances": [
        {
          "schema_version": 0,
          "attributes": {
            "ack_deadline_seconds": 420,
            "bigquery_config": [],
            "dead_letter_policy": [],
            "enable_exactly_once_delivery": false,
            "enable_message_ordering": false,
            "expiration_policy": [
              {
                "ttl": ""
              }
            ],
            "filter": "",
            "id": "projects/bqsm-host/subscriptions/configurator_push_sub",
            "labels": {},
            "message_retention_duration": "86400s",
            "name": "configurator_push_sub",
            "project": "bqsm-host",
            "push_config": [
              {
                "attributes": {},
                "oidc_token": [
                  {
                    "audience": "",
                    "service_account_email": "configurator-tasks@bqsm-host.iam.gserviceaccount.com"
                  }
                ],
                "push_endpoint": "https://s2-configurator-c4swln7zfa-ey.a.run.app"
              }
            ],
            "retain_acked_messages": false,
            "retry_policy": [
              {
                "maximum_backoff": "600s",
                "minimum_backoff": "60s"
              }
            ],
            "timeouts": null,
            "topic": "projects/bqsm-host/topics/configurator_topic"
          },
          "sensitive_attributes": [],
          "private": "eyJlMmJmYjczMC1lY2FhLTExZTYtOGY4OC0zNDM2M2JjN2M0YzAiOnsiY3JlYXRlIjoxMjAwMDAwMDAwMDAwLCJkZWxldGUiOjEyMDAwMDAwMDAwMDAsInVwZGF0ZSI6MTIwMDAwMDAwMDAwMH19",
          "dependencies": [
            "data.google_service_account_access_token.default",
            "module.cloud-run-configurator.google_cloud_run_service.service",
            "module.data-catalog.google_data_catalog_tag_template.snapshot_tag_template",
            "module.gcs.google_storage_bucket.gcs_flags_bucket",
            "module.iam.google_service_account.sa_configurator",
            "module.iam.google_service_account.sa_configurator_tasks",
            "module.pubsub-configurator.google_pubsub_topic.topic",
            "module.pubsub-snapshoter-bq.google_pubsub_topic.topic",
            "module.pubsub-snapshoter-gcs.google_pubsub_topic.topic"
          ]
        }
      ]
    },
    {
      "module": "module.pubsub-configurator",
      "mode": "managed",
      "type": "google_pubsub_topic",
      "name": "topic",
      "provider": "provider[\"registry.terraform.io/hashicorp/google\"]",
      "instances": [
        {
          "schema_version": 0,
          "attributes": {
            "id": "projects/bqsm-host/topics/configurator_topic",
            "kms_key_name": "",
            "labels": {},
            "message_retention_duration": "",
            "message_storage_policy": [],
            "name": "configurator_topic",
            "project": "bqsm-host",
            "schema_settings": [],
            "timeouts": null
          },
          "sensitive_attributes": [],
          "private": "eyJlMmJmYjczMC1lY2FhLTExZTYtOGY4OC0zNDM2M2JjN2M0YzAiOnsiY3JlYXRlIjoxMjAwMDAwMDAwMDAwLCJkZWxldGUiOjEyMDAwMDAwMDAwMDAsInVwZGF0ZSI6MTIwMDAwMDAwMDAwMH19",
          "dependencies": [
            "data.google_service_account_access_token.default"
          ]
        }
      ]
    },
    {
      "module": "module.pubsub-configurator",
      "mode": "managed",
      "type": "google_pubsub_topic_iam_member",
      "name": "sa_topic_publisher",
      "provider": "provider[\"registry.terraform.io/hashicorp/google\"]",
      "instances": [
        {
          "index_key": 0,
          "schema_version": 0,
          "attributes": {
            "condition": [],
            "etag": "BwXrSvN+/Bc=",
            "id": "projects/bqsm-host/topics/configurator_topic/roles/pubsub.publisher/serviceAccount:dispatcher@bqsm-host.iam.gserviceaccount.com",
            "member": "serviceAccount:dispatcher@bqsm-host.iam.gserviceaccount.com",
            "project": "bqsm-host",
            "role": "roles/pubsub.publisher",
            "topic": "projects/bqsm-host/topics/configurator_topic"
          },
          "sensitive_attributes": [],
          "private": "bnVsbA==",
          "dependencies": [
            "data.google_service_account_access_token.default",
            "module.iam.google_service_account.sa_dispatcher",
            "module.pubsub-configurator.google_pubsub_topic.topic"
          ]
        }
      ]
    },
    {
      "module": "module.pubsub-dispatcher",
      "mode": "managed",
      "type": "google_pubsub_subscription",
      "name": "subscription",
      "provider": "provider[\"registry.terraform.io/hashicorp/google\"]",
      "instances": [
        {
          "schema_version": 0,
          "attributes": {
            "ack_deadline_seconds": 600,
            "bigquery_config": [],
            "dead_letter_policy": [],
            "enable_exactly_once_delivery": false,
            "enable_message_ordering": false,
            "expiration_policy": [
              {
                "ttl": ""
              }
            ],
            "filter": "",
            "id": "projects/bqsm-host/subscriptions/dispatcher_push_sub",
            "labels": {},
            "message_retention_duration": "600s",
            "name": "dispatcher_push_sub",
            "project": "bqsm-host",
            "push_config": [
              {
                "attributes": {},
                "oidc_token": [
                  {
                    "audience": "",
                    "service_account_email": "dispatcher-tasks@bqsm-host.iam.gserviceaccount.com"
                  }
                ],
                "push_endpoint": "https://s1-dispatcher-c4swln7zfa-ey.a.run.app"
              }
            ],
            "retain_acked_messages": false,
            "retry_policy": [
              {
                "maximum_backoff": "600s",
                "minimum_backoff": "60s"
              }
            ],
            "timeouts": null,
            "topic": "projects/bqsm-host/topics/dispatcher_topic"
          },
          "sensitive_attributes": [],
          "private": "eyJlMmJmYjczMC1lY2FhLTExZTYtOGY4OC0zNDM2M2JjN2M0YzAiOnsiY3JlYXRlIjoxMjAwMDAwMDAwMDAwLCJkZWxldGUiOjEyMDAwMDAwMDAwMDAsInVwZGF0ZSI6MTIwMDAwMDAwMDAwMH19",
          "dependencies": [
            "data.google_service_account_access_token.default",
            "module.cloud-run-dispatcher.google_cloud_run_service.service",
            "module.gcs.google_storage_bucket.gcs_flags_bucket",
            "module.iam.google_service_account.sa_dispatcher",
            "module.iam.google_service_account.sa_dispatcher_tasks",
            "module.pubsub-configurator.google_pubsub_topic.topic",
            "module.pubsub-dispatcher.google_pubsub_topic.topic"
          ]
        }
      ]
    },
    {
      "module": "module.pubsub-dispatcher",
      "mode": "managed",
      "type": "google_pubsub_topic",
      "name": "topic",
      "provider": "provider[\"registry.terraform.io/hashicorp/google\"]",
      "instances": [
        {
          "schema_version": 0,
          "attributes": {
            "id": "projects/bqsm-host/topics/dispatcher_topic",
            "kms_key_name": "",
            "labels": {},
            "message_retention_duration": "",
            "message_storage_policy": [],
            "name": "dispatcher_topic",
            "project": "bqsm-host",
            "schema_settings": [],
            "timeouts": null
          },
          "sensitive_attributes": [],
          "private": "eyJlMmJmYjczMC1lY2FhLTExZTYtOGY4OC0zNDM2M2JjN2M0YzAiOnsiY3JlYXRlIjoxMjAwMDAwMDAwMDAwLCJkZWxldGUiOjEyMDAwMDAwMDAwMDAsInVwZGF0ZSI6MTIwMDAwMDAwMDAwMH19",
          "dependencies": [
            "data.google_service_account_access_token.default"
          ]
        }
      ]
    },
    {
      "module": "module.pubsub-dispatcher",
      "mode": "managed",
      "type": "google_pubsub_topic_iam_member",
      "name": "sa_topic_publisher",
      "provider": "provider[\"registry.terraform.io/hashicorp/google\"]",
      "instances": [
        {
          "index_key": 0,
          "schema_version": 0,
          "attributes": {
            "condition": [],
            "etag": "BwXrSvODlDM=",
            "id": "projects/bqsm-host/topics/dispatcher_topic/roles/pubsub.publisher/serviceAccount:service-752982373840@gcp-sa-cloudscheduler.iam.gserviceaccount.com",
            "member": "serviceAccount:service-752982373840@gcp-sa-cloudscheduler.iam.gserviceaccount.com",
            "project": "bqsm-host",
            "role": "roles/pubsub.publisher",
            "topic": "projects/bqsm-host/topics/dispatcher_topic"
          },
          "sensitive_attributes": [],
          "private": "bnVsbA==",
          "dependencies": [
            "data.google_service_account_access_token.default",
            "module.pubsub-dispatcher.google_pubsub_topic.topic"
          ]
        }
      ]
    },
    {
      "module": "module.pubsub-snapshoter-bq",
      "mode": "managed",
      "type": "google_pubsub_subscription",
      "name": "subscription",
      "provider": "provider[\"registry.terraform.io/hashicorp/google\"]",
      "instances": [
        {
          "schema_version": 0,
          "attributes": {
            "ack_deadline_seconds": 420,
            "bigquery_config": [],
            "dead_letter_policy": [],
            "enable_exactly_once_delivery": false,
            "enable_message_ordering": false,
            "expiration_policy": [
              {
                "ttl": ""
              }
            ],
            "filter": "",
            "id": "projects/bqsm-host/subscriptions/snapshoter_bq_push_sub",
            "labels": {},
            "message_retention_duration": "86400s",
            "name": "snapshoter_bq_push_sub",
            "project": "bqsm-host",
            "push_config": [
              {
                "attributes": {},
                "oidc_token": [
                  {
                    "audience": "",
                    "service_account_email": "snapshoter-bq-tasks@bqsm-host.iam.gserviceaccount.com"
                  }
                ],
                "push_endpoint": "https://s3-snapshoter-bq-c4swln7zfa-ey.a.run.app"
              }
            ],
            "retain_acked_messages": false,
            "retry_policy": [
              {
                "maximum_backoff": "600s",
                "minimum_backoff": "60s"
              }
            ],
            "timeouts": null,
            "topic": "projects/bqsm-host/topics/snapshoter_bq_topic"
          },
          "sensitive_attributes": [],
          "private": "eyJlMmJmYjczMC1lY2FhLTExZTYtOGY4OC0zNDM2M2JjN2M0YzAiOnsiY3JlYXRlIjoxMjAwMDAwMDAwMDAwLCJkZWxldGUiOjEyMDAwMDAwMDAwMDAsInVwZGF0ZSI6MTIwMDAwMDAwMDAwMH19",
          "dependencies": [
            "data.google_service_account_access_token.default",
            "module.cloud-run-snapshoter-bq.google_cloud_run_service.service",
            "module.gcs.google_storage_bucket.gcs_flags_bucket",
            "module.iam.google_service_account.sa_snapshoter_bq",
            "module.iam.google_service_account.sa_snapshoter_bq_tasks",
            "module.pubsub-snapshoter-bq.google_pubsub_topic.topic",
            "module.pubsub-tagger.google_pubsub_topic.topic"
          ]
        }
      ]
    },
    {
      "module": "module.pubsub-snapshoter-bq",
      "mode": "managed",
      "type": "google_pubsub_topic",
      "name": "topic",
      "provider": "provider[\"registry.terraform.io/hashicorp/google\"]",
      "instances": [
        {
          "schema_version": 0,
          "attributes": {
            "id": "projects/bqsm-host/topics/snapshoter_bq_topic",
            "kms_key_name": "",
            "labels": {},
            "message_retention_duration": "",
            "message_storage_policy": [],
            "name": "snapshoter_bq_topic",
            "project": "bqsm-host",
            "schema_settings": [],
            "timeouts": null
          },
          "sensitive_attributes": [],
          "private": "eyJlMmJmYjczMC1lY2FhLTExZTYtOGY4OC0zNDM2M2JjN2M0YzAiOnsiY3JlYXRlIjoxMjAwMDAwMDAwMDAwLCJkZWxldGUiOjEyMDAwMDAwMDAwMDAsInVwZGF0ZSI6MTIwMDAwMDAwMDAwMH19",
          "dependencies": [
            "data.google_service_account_access_token.default"
          ]
        }
      ]
    },
    {
      "module": "module.pubsub-snapshoter-bq",
      "mode": "managed",
      "type": "google_pubsub_topic_iam_member",
      "name": "sa_topic_publisher",
      "provider": "provider[\"registry.terraform.io/hashicorp/google\"]",
      "instances": [
        {
          "index_key": 0,
          "schema_version": 0,
          "attributes": {
            "condition": [],
            "etag": "BwXrSvN+8cE=",
            "id": "projects/bqsm-host/topics/snapshoter_bq_topic/roles/pubsub.publisher/serviceAccount:configurator@bqsm-host.iam.gserviceaccount.com",
            "member": "serviceAccount:configurator@bqsm-host.iam.gserviceaccount.com",
            "project": "bqsm-host",
            "role": "roles/pubsub.publisher",
            "topic": "projects/bqsm-host/topics/snapshoter_bq_topic"
          },
          "sensitive_attributes": [],
          "private": "bnVsbA==",
          "dependencies": [
            "data.google_service_account_access_token.default",
            "module.iam.google_service_account.sa_configurator",
            "module.pubsub-snapshoter-bq.google_pubsub_topic.topic"
          ]
        }
      ]
    },
    {
      "module": "module.pubsub-snapshoter-gcs",
      "mode": "managed",
      "type": "google_pubsub_subscription",
      "name": "subscription",
      "provider": "provider[\"registry.terraform.io/hashicorp/google\"]",
      "instances": [
        {
          "schema_version": 0,
          "attributes": {
            "ack_deadline_seconds": 420,
            "bigquery_config": [],
            "dead_letter_policy": [],
            "enable_exactly_once_delivery": false,
            "enable_message_ordering": false,
            "expiration_policy": [
              {
                "ttl": ""
              }
            ],
            "filter": "",
            "id": "projects/bqsm-host/subscriptions/snapshoter_gcs_push_sub",
            "labels": {},
            "message_retention_duration": "86400s",
            "name": "snapshoter_gcs_push_sub",
            "project": "bqsm-host",
            "push_config": [
              {
                "attributes": {},
                "oidc_token": [
                  {
                    "audience": "",
                    "service_account_email": "snapshoter-gcs-tasks@bqsm-host.iam.gserviceaccount.com"
                  }
                ],
                "push_endpoint": "https://s3-snapshoter-gcs-c4swln7zfa-ey.a.run.app"
              }
            ],
            "retain_acked_messages": false,
            "retry_policy": [
              {
                "maximum_backoff": "600s",
                "minimum_backoff": "60s"
              }
            ],
            "timeouts": null,
            "topic": "projects/bqsm-host/topics/snapshoter_gcs_topic"
          },
          "sensitive_attributes": [],
          "private": "eyJlMmJmYjczMC1lY2FhLTExZTYtOGY4OC0zNDM2M2JjN2M0YzAiOnsiY3JlYXRlIjoxMjAwMDAwMDAwMDAwLCJkZWxldGUiOjEyMDAwMDAwMDAwMDAsInVwZGF0ZSI6MTIwMDAwMDAwMDAwMH19",
          "dependencies": [
            "data.google_service_account_access_token.default",
            "module.cloud-run-snapshoter-gcs.google_cloud_run_service.service",
            "module.gcs.google_storage_bucket.gcs_flags_bucket",
            "module.iam.google_service_account.sa_snapshoter_gcs",
            "module.iam.google_service_account.sa_snapshoter_gcs_tasks",
            "module.pubsub-snapshoter-gcs.google_pubsub_topic.topic",
            "module.pubsub-tagger.google_pubsub_topic.topic"
          ]
        }
      ]
    },
    {
      "module": "module.pubsub-snapshoter-gcs",
      "mode": "managed",
      "type": "google_pubsub_topic",
      "name": "topic",
      "provider": "provider[\"registry.terraform.io/hashicorp/google\"]",
      "instances": [
        {
          "schema_version": 0,
          "attributes": {
            "id": "projects/bqsm-host/topics/snapshoter_gcs_topic",
            "kms_key_name": "",
            "labels": {},
            "message_retention_duration": "",
            "message_storage_policy": [],
            "name": "snapshoter_gcs_topic",
            "project": "bqsm-host",
            "schema_settings": [],
            "timeouts": null
          },
          "sensitive_attributes": [],
          "private": "eyJlMmJmYjczMC1lY2FhLTExZTYtOGY4OC0zNDM2M2JjN2M0YzAiOnsiY3JlYXRlIjoxMjAwMDAwMDAwMDAwLCJkZWxldGUiOjEyMDAwMDAwMDAwMDAsInVwZGF0ZSI6MTIwMDAwMDAwMDAwMH19",
          "dependencies": [
            "data.google_service_account_access_token.default"
          ]
        }
      ]
    },
    {
      "module": "module.pubsub-snapshoter-gcs",
      "mode": "managed",
      "type": "google_pubsub_topic_iam_member",
      "name": "sa_topic_publisher",
      "provider": "provider[\"registry.terraform.io/hashicorp/google\"]",
      "instances": [
        {
          "index_key": 0,
          "schema_version": 0,
          "attributes": {
            "condition": [],
            "etag": "BwXrSvOJuUc=",
            "id": "projects/bqsm-host/topics/snapshoter_gcs_topic/roles/pubsub.publisher/serviceAccount:configurator@bqsm-host.iam.gserviceaccount.com",
            "member": "serviceAccount:configurator@bqsm-host.iam.gserviceaccount.com",
            "project": "bqsm-host",
            "role": "roles/pubsub.publisher",
            "topic": "projects/bqsm-host/topics/snapshoter_gcs_topic"
          },
          "sensitive_attributes": [],
          "private": "bnVsbA==",
          "dependencies": [
            "data.google_service_account_access_token.default",
            "module.iam.google_service_account.sa_configurator",
            "module.pubsub-snapshoter-gcs.google_pubsub_topic.topic"
          ]
        }
      ]
    },
    {
      "module": "module.pubsub-tagger",
      "mode": "managed",
      "type": "google_pubsub_subscription",
      "name": "subscription",
      "provider": "provider[\"registry.terraform.io/hashicorp/google\"]",
      "instances": [
        {
          "schema_version": 0,
          "attributes": {
            "ack_deadline_seconds": 600,
            "bigquery_config": [],
            "dead_letter_policy": [],
            "enable_exactly_once_delivery": false,
            "enable_message_ordering": false,
            "expiration_policy": [
              {
                "ttl": ""
              }
            ],
            "filter": "",
            "id": "projects/bqsm-host/subscriptions/tagger_push_sub",
            "labels": {},
            "message_retention_duration": "86400s",
            "name": "tagger_push_sub",
            "project": "bqsm-host",
            "push_config": [
              {
                "attributes": {},
                "oidc_token": [
                  {
                    "audience": "",
                    "service_account_email": "tagger-tasks@bqsm-host.iam.gserviceaccount.com"
                  }
                ],
                "push_endpoint": "https://s4-tagger-c4swln7zfa-ey.a.run.app"
              }
            ],
            "retain_acked_messages": false,
            "retry_policy": [
              {
                "maximum_backoff": "600s",
                "minimum_backoff": "60s"
              }
            ],
            "timeouts": null,
            "topic": "projects/bqsm-host/topics/tagger_topic"
          },
          "sensitive_attributes": [],
          "private": "eyJlMmJmYjczMC1lY2FhLTExZTYtOGY4OC0zNDM2M2JjN2M0YzAiOnsiY3JlYXRlIjoxMjAwMDAwMDAwMDAwLCJkZWxldGUiOjEyMDAwMDAwMDAwMDAsInVwZGF0ZSI6MTIwMDAwMDAwMDAwMH19",
          "dependencies": [
            "data.google_service_account_access_token.default",
            "module.cloud-run-tagger.google_cloud_run_service.service",
            "module.data-catalog.google_data_catalog_tag_template.snapshot_tag_template",
            "module.gcs.google_storage_bucket.gcs_flags_bucket",
            "module.iam.google_service_account.sa_tagger",
            "module.iam.google_service_account.sa_tagger_tasks",
            "module.pubsub-tagger.google_pubsub_topic.topic"
          ]
        }
      ]
    },
    {
      "module": "module.pubsub-tagger",
      "mode": "managed",
      "type": "google_pubsub_topic",
      "name": "topic",
      "provider": "provider[\"registry.terraform.io/hashicorp/google\"]",
      "instances": [
        {
          "schema_version": 0,
          "attributes": {
            "id": "projects/bqsm-host/topics/tagger_topic",
            "kms_key_name": "",
            "labels": {},
            "message_retention_duration": "",
            "message_storage_policy": [],
            "name": "tagger_topic",
            "project": "bqsm-host",
            "schema_settings": [],
            "timeouts": null
          },
          "sensitive_attributes": [],
          "private": "eyJlMmJmYjczMC1lY2FhLTExZTYtOGY4OC0zNDM2M2JjN2M0YzAiOnsiY3JlYXRlIjoxMjAwMDAwMDAwMDAwLCJkZWxldGUiOjEyMDAwMDAwMDAwMDAsInVwZGF0ZSI6MTIwMDAwMDAwMDAwMH19",
          "dependencies": [
            "data.google_service_account_access_token.default"
          ]
        }
      ]
    },
    {
      "module": "module.pubsub-tagger",
      "mode": "managed",
      "type": "google_pubsub_topic_iam_member",
      "name": "sa_topic_publisher",
      "provider": "provider[\"registry.terraform.io/hashicorp/google\"]",
      "instances": [
        {
          "index_key": 0,
          "schema_version": 0,
          "attributes": {
            "condition": [],
            "etag": "BwXrSvPduZA=",
            "id": "projects/bqsm-host/topics/tagger_topic/roles/pubsub.publisher/serviceAccount:snapshoter-bq@bqsm-host.iam.gserviceaccount.com",
            "member": "serviceAccount:snapshoter-bq@bqsm-host.iam.gserviceaccount.com",
            "project": "bqsm-host",
            "role": "roles/pubsub.publisher",
            "topic": "projects/bqsm-host/topics/tagger_topic"
          },
          "sensitive_attributes": [],
          "private": "bnVsbA==",
          "dependencies": [
            "data.google_service_account_access_token.default",
            "module.iam.google_service_account.sa_snapshoter_bq",
            "module.iam.google_service_account.sa_snapshoter_gcs",
            "module.pubsub-tagger.google_pubsub_topic.topic"
          ]
        },
        {
          "index_key": 1,
          "schema_version": 0,
          "attributes": {
            "condition": [],
            "etag": "BwXrSvPduZA=",
            "id": "projects/bqsm-host/topics/tagger_topic/roles/pubsub.publisher/serviceAccount:snapshoter-gcs@bqsm-host.iam.gserviceaccount.com",
            "member": "serviceAccount:snapshoter-gcs@bqsm-host.iam.gserviceaccount.com",
            "project": "bqsm-host",
            "role": "roles/pubsub.publisher",
            "topic": "projects/bqsm-host/topics/tagger_topic"
          },
          "sensitive_attributes": [],
          "private": "bnVsbA==",
          "dependencies": [
            "data.google_service_account_access_token.default",
            "module.iam.google_service_account.sa_snapshoter_bq",
            "module.iam.google_service_account.sa_snapshoter_gcs",
            "module.pubsub-tagger.google_pubsub_topic.topic"
          ]
        }
      ]
    }
  ]
}
